lockfileVersion: '6.0'

settings:
  autoInstallPeers: true
  excludeLinksFromLockfile: false

devDependencies:
  '@types/node':
    specifier: ^20.11.2
    version: 20.11.2
  fast-glob:
    specifier: ^3.3.2
    version: 3.3.2
  sass:
    specifier: ^1.69.7
    version: 1.69.7
  vite:
    specifier: ^5.0.11
    version: 5.0.11(@types/node@20.11.2)(sass@1.69.7)
  vitepress:
    specifier: 1.0.0-rc.36
    version: 1.0.0-rc.36(@types/node@20.11.2)(sass@1.69.7)
  vue:
    specifier: ^3.4.13
    version: 3.4.13

packages:

  /@algolia/autocomplete-core@1.9.3(algoliasearch@4.22.1):
    resolution: {integrity: sha512-009HdfugtGCdC4JdXUbVJClA0q0zh24yyePn+KUGk3rP7j8FEe/m5Yo/z65gn6nP/cM39PxpzqKrL7A6fP6PPw==}
    dependencies:
      '@algolia/autocomplete-plugin-algolia-insights': 1.9.3(algoliasearch@4.22.1)
      '@algolia/autocomplete-shared': 1.9.3(algoliasearch@4.22.1)
    transitivePeerDependencies:
      - '@algolia/client-search'
      - algoliasearch
      - search-insights
    dev: true

  /@algolia/autocomplete-plugin-algolia-insights@1.9.3(algoliasearch@4.22.1):
    resolution: {integrity: sha512-a/yTUkcO/Vyy+JffmAnTWbr4/90cLzw+CC3bRbhnULr/EM0fGNvM13oQQ14f2moLMcVDyAx/leczLlAOovhSZg==}
    peerDependencies:
      search-insights: '>= 1 < 3'
    peerDependenciesMeta:
      search-insights:
        optional: true
    dependencies:
      '@algolia/autocomplete-shared': 1.9.3(algoliasearch@4.22.1)
    transitivePeerDependencies:
      - '@algolia/client-search'
      - algoliasearch
    dev: true

  /@algolia/autocomplete-preset-algolia@1.9.3(algoliasearch@4.22.1):
    resolution: {integrity: sha512-d4qlt6YmrLMYy95n5TB52wtNDr6EgAIPH81dvvvW8UmuWRgxEtY0NJiPwl/h95JtG2vmRM804M0DSwMCNZlzRA==}
    peerDependencies:
      '@algolia/client-search': '>= 4.9.1 < 6'
      algoliasearch: '>= 4.9.1 < 6'
    peerDependenciesMeta:
      '@algolia/client-search':
        optional: true
    dependencies:
      '@algolia/autocomplete-shared': 1.9.3(algoliasearch@4.22.1)
      algoliasearch: 4.22.1
    dev: true

  /@algolia/autocomplete-shared@1.9.3(algoliasearch@4.22.1):
    resolution: {integrity: sha512-Wnm9E4Ye6Rl6sTTqjoymD+l8DjSTHsHboVRYrKgEt8Q7UHm9nYbqhN/i0fhUYA3OAEH7WA8x3jfpnmJm3rKvaQ==}
    peerDependencies:
      '@algolia/client-search': '>= 4.9.1 < 6'
      algoliasearch: '>= 4.9.1 < 6'
    peerDependenciesMeta:
      '@algolia/client-search':
        optional: true
    dependencies:
      algoliasearch: 4.22.1
    dev: true

  /@algolia/cache-browser-local-storage@4.22.1:
    resolution: {integrity: sha512-Sw6IAmOCvvP6QNgY9j+Hv09mvkvEIDKjYW8ow0UDDAxSXy664RBNQk3i/0nt7gvceOJ6jGmOTimaZoY1THmU7g==}
    dependencies:
      '@algolia/cache-common': 4.22.1
    dev: true

  /@algolia/cache-common@4.22.1:
    resolution: {integrity: sha512-TJMBKqZNKYB9TptRRjSUtevJeQVXRmg6rk9qgFKWvOy8jhCPdyNZV1nB3SKGufzvTVbomAukFR8guu/8NRKBTA==}
    dev: true

  /@algolia/cache-in-memory@4.22.1:
    resolution: {integrity: sha512-ve+6Ac2LhwpufuWavM/aHjLoNz/Z/sYSgNIXsinGofWOysPilQZPUetqLj8vbvi+DHZZaYSEP9H5SRVXnpsNNw==}
    dependencies:
      '@algolia/cache-common': 4.22.1
    dev: true

  /@algolia/client-account@4.22.1:
    resolution: {integrity: sha512-k8m+oegM2zlns/TwZyi4YgCtyToackkOpE+xCaKCYfBfDtdGOaVZCM5YvGPtK+HGaJMIN/DoTL8asbM3NzHonw==}
    dependencies:
      '@algolia/client-common': 4.22.1
      '@algolia/client-search': 4.22.1
      '@algolia/transporter': 4.22.1
    dev: true

  /@algolia/client-analytics@4.22.1:
    resolution: {integrity: sha512-1ssi9pyxyQNN4a7Ji9R50nSdISIumMFDwKNuwZipB6TkauJ8J7ha/uO60sPJFqQyqvvI+px7RSNRQT3Zrvzieg==}
    dependencies:
      '@algolia/client-common': 4.22.1
      '@algolia/client-search': 4.22.1
      '@algolia/requester-common': 4.22.1
      '@algolia/transporter': 4.22.1
    dev: true

  /@algolia/client-common@4.22.1:
    resolution: {integrity: sha512-IvaL5v9mZtm4k4QHbBGDmU3wa/mKokmqNBqPj0K7lcR8ZDKzUorhcGp/u8PkPC/e0zoHSTvRh7TRkGX3Lm7iOQ==}
    dependencies:
      '@algolia/requester-common': 4.22.1
      '@algolia/transporter': 4.22.1
    dev: true

  /@algolia/client-personalization@4.22.1:
    resolution: {integrity: sha512-sl+/klQJ93+4yaqZ7ezOttMQ/nczly/3GmgZXJ1xmoewP5jmdP/X/nV5U7EHHH3hCUEHeN7X1nsIhGPVt9E1cQ==}
    dependencies:
      '@algolia/client-common': 4.22.1
      '@algolia/requester-common': 4.22.1
      '@algolia/transporter': 4.22.1
    dev: true

  /@algolia/client-search@4.22.1:
    resolution: {integrity: sha512-yb05NA4tNaOgx3+rOxAmFztgMTtGBi97X7PC3jyNeGiwkAjOZc2QrdZBYyIdcDLoI09N0gjtpClcackoTN0gPA==}
    dependencies:
      '@algolia/client-common': 4.22.1
      '@algolia/requester-common': 4.22.1
      '@algolia/transporter': 4.22.1
    dev: true

  /@algolia/logger-common@4.22.1:
    resolution: {integrity: sha512-OnTFymd2odHSO39r4DSWRFETkBufnY2iGUZNrMXpIhF5cmFE8pGoINNPzwg02QLBlGSaLqdKy0bM8S0GyqPLBg==}
    dev: true

  /@algolia/logger-console@4.22.1:
    resolution: {integrity: sha512-O99rcqpVPKN1RlpgD6H3khUWylU24OXlzkavUAMy6QZd1776QAcauE3oP8CmD43nbaTjBexZj2nGsBH9Tc0FVA==}
    dependencies:
      '@algolia/logger-common': 4.22.1
    dev: true

  /@algolia/requester-browser-xhr@4.22.1:
    resolution: {integrity: sha512-dtQGYIg6MteqT1Uay3J/0NDqD+UciHy3QgRbk7bNddOJu+p3hzjTRYESqEnoX/DpEkaNYdRHUKNylsqMpgwaEw==}
    dependencies:
      '@algolia/requester-common': 4.22.1
    dev: true

  /@algolia/requester-common@4.22.1:
    resolution: {integrity: sha512-dgvhSAtg2MJnR+BxrIFqlLtkLlVVhas9HgYKMk2Uxiy5m6/8HZBL40JVAMb2LovoPFs9I/EWIoFVjOrFwzn5Qg==}
    dev: true

  /@algolia/requester-node-http@4.22.1:
    resolution: {integrity: sha512-JfmZ3MVFQkAU+zug8H3s8rZ6h0ahHZL/SpMaSasTCGYR5EEJsCc8SI5UZ6raPN2tjxa5bxS13BRpGSBUens7EA==}
    dependencies:
      '@algolia/requester-common': 4.22.1
    dev: true

  /@algolia/transporter@4.22.1:
    resolution: {integrity: sha512-kzWgc2c9IdxMa3YqA6TN0NW5VrKYYW/BELIn7vnLyn+U/RFdZ4lxxt9/8yq3DKV5snvoDzzO4ClyejZRdV3lMQ==}
    dependencies:
      '@algolia/cache-common': 4.22.1
      '@algolia/logger-common': 4.22.1
      '@algolia/requester-common': 4.22.1
    dev: true

  /@babel/helper-string-parser@7.23.4:
    resolution: {integrity: sha512-803gmbQdqwdf4olxrX4AJyFBV/RTr3rSmOj0rKwesmzlfhYNDEs+/iOcznzpNWlJlIlTJC2QfPFcHB6DlzdVLQ==}
    engines: {node: '>=6.9.0'}
    dev: true

  /@babel/helper-validator-identifier@7.22.20:
    resolution: {integrity: sha512-Y4OZ+ytlatR8AI+8KZfKuL5urKp7qey08ha31L8b3BwewJAoJamTzyvxPR/5D+KkdJCGPq/+8TukHBlY10FX9A==}
    engines: {node: '>=6.9.0'}
    dev: true

  /@babel/parser@7.23.6:
    resolution: {integrity: sha512-Z2uID7YJ7oNvAI20O9X0bblw7Qqs8Q2hFy0R9tAfnfLkp5MW0UH9eUvnDSnFwKZ0AvgS1ucqR4KzvVHgnke1VQ==}
    engines: {node: '>=6.0.0'}
    hasBin: true
    dependencies:
      '@babel/types': 7.23.6
    dev: true

  /@babel/types@7.23.6:
    resolution: {integrity: sha512-+uarb83brBzPKN38NX1MkB6vb6+mwvR6amUulqAE7ccQw1pEl+bCia9TbdG1lsnFP7lZySvUn37CHyXQdfTwzg==}
    engines: {node: '>=6.9.0'}
    dependencies:
      '@babel/helper-string-parser': 7.23.4
      '@babel/helper-validator-identifier': 7.22.20
      to-fast-properties: 2.0.0
    dev: true

  /@docsearch/css@3.5.2:
    resolution: {integrity: sha512-SPiDHaWKQZpwR2siD0KQUwlStvIAnEyK6tAE2h2Wuoq8ue9skzhlyVQ1ddzOxX6khULnAALDiR/isSF3bnuciA==}
    dev: true

  /@docsearch/js@3.5.2:
    resolution: {integrity: sha512-p1YFTCDflk8ieHgFJYfmyHBki1D61+U9idwrLh+GQQMrBSP3DLGKpy0XUJtPjAOPltcVbqsTjiPFfH7JImjUNg==}
    dependencies:
      '@docsearch/react': 3.5.2
      preact: 10.19.3
    transitivePeerDependencies:
      - '@algolia/client-search'
      - '@types/react'
      - react
      - react-dom
      - search-insights
    dev: true

  /@docsearch/react@3.5.2:
    resolution: {integrity: sha512-9Ahcrs5z2jq/DcAvYtvlqEBHImbm4YJI8M9y0x6Tqg598P40HTEkX7hsMcIuThI+hTFxRGZ9hll0Wygm2yEjng==}
    peerDependencies:
      '@types/react': '>= 16.8.0 < 19.0.0'
      react: '>= 16.8.0 < 19.0.0'
      react-dom: '>= 16.8.0 < 19.0.0'
      search-insights: '>= 1 < 3'
    peerDependenciesMeta:
      '@types/react':
        optional: true
      react:
        optional: true
      react-dom:
        optional: true
      search-insights:
        optional: true
    dependencies:
      '@algolia/autocomplete-core': 1.9.3(algoliasearch@4.22.1)
      '@algolia/autocomplete-preset-algolia': 1.9.3(algoliasearch@4.22.1)
      '@docsearch/css': 3.5.2
      algoliasearch: 4.22.1
    transitivePeerDependencies:
      - '@algolia/client-search'
    dev: true

  /@esbuild/aix-ppc64@0.19.11:
    resolution: {integrity: sha512-FnzU0LyE3ySQk7UntJO4+qIiQgI7KoODnZg5xzXIrFJlKd2P2gwHsHY4927xj9y5PJmJSzULiUCWmv7iWnNa7g==}
    engines: {node: '>=12'}
    cpu: [ppc64]
    os: [aix]
    requiresBuild: true
    dev: true
    optional: true

  /@esbuild/android-arm64@0.19.11:
    resolution: {integrity: sha512-aiu7K/5JnLj//KOnOfEZ0D90obUkRzDMyqd/wNAUQ34m4YUPVhRZpnqKV9uqDGxT7cToSDnIHsGooyIczu9T+Q==}
    engines: {node: '>=12'}
    cpu: [arm64]
    os: [android]
    requiresBuild: true
    dev: true
    optional: true

  /@esbuild/android-arm@0.19.11:
    resolution: {integrity: sha512-5OVapq0ClabvKvQ58Bws8+wkLCV+Rxg7tUVbo9xu034Nm536QTII4YzhaFriQ7rMrorfnFKUsArD2lqKbFY4vw==}
    engines: {node: '>=12'}
    cpu: [arm]
    os: [android]
    requiresBuild: true
    dev: true
    optional: true

  /@esbuild/android-x64@0.19.11:
    resolution: {integrity: sha512-eccxjlfGw43WYoY9QgB82SgGgDbibcqyDTlk3l3C0jOVHKxrjdc9CTwDUQd0vkvYg5um0OH+GpxYvp39r+IPOg==}
    engines: {node: '>=12'}
    cpu: [x64]
    os: [android]
    requiresBuild: true
    dev: true
    optional: true

  /@esbuild/darwin-arm64@0.19.11:
    resolution: {integrity: sha512-ETp87DRWuSt9KdDVkqSoKoLFHYTrkyz2+65fj9nfXsaV3bMhTCjtQfw3y+um88vGRKRiF7erPrh/ZuIdLUIVxQ==}
    engines: {node: '>=12'}
    cpu: [arm64]
    os: [darwin]
    requiresBuild: true
    dev: true
    optional: true

  /@esbuild/darwin-x64@0.19.11:
    resolution: {integrity: sha512-fkFUiS6IUK9WYUO/+22omwetaSNl5/A8giXvQlcinLIjVkxwTLSktbF5f/kJMftM2MJp9+fXqZ5ezS7+SALp4g==}
    engines: {node: '>=12'}
    cpu: [x64]
    os: [darwin]
    requiresBuild: true
    dev: true
    optional: true

  /@esbuild/freebsd-arm64@0.19.11:
    resolution: {integrity: sha512-lhoSp5K6bxKRNdXUtHoNc5HhbXVCS8V0iZmDvyWvYq9S5WSfTIHU2UGjcGt7UeS6iEYp9eeymIl5mJBn0yiuxA==}
    engines: {node: '>=12'}
    cpu: [arm64]
    os: [freebsd]
    requiresBuild: true
    dev: true
    optional: true

  /@esbuild/freebsd-x64@0.19.11:
    resolution: {integrity: sha512-JkUqn44AffGXitVI6/AbQdoYAq0TEullFdqcMY/PCUZ36xJ9ZJRtQabzMA+Vi7r78+25ZIBosLTOKnUXBSi1Kw==}
    engines: {node: '>=12'}
    cpu: [x64]
    os: [freebsd]
    requiresBuild: true
    dev: true
    optional: true

  /@esbuild/linux-arm64@0.19.11:
    resolution: {integrity: sha512-LneLg3ypEeveBSMuoa0kwMpCGmpu8XQUh+mL8XXwoYZ6Be2qBnVtcDI5azSvh7vioMDhoJFZzp9GWp9IWpYoUg==}
    engines: {node: '>=12'}
    cpu: [arm64]
    os: [linux]
    requiresBuild: true
    dev: true
    optional: true

  /@esbuild/linux-arm@0.19.11:
    resolution: {integrity: sha512-3CRkr9+vCV2XJbjwgzjPtO8T0SZUmRZla+UL1jw+XqHZPkPgZiyWvbDvl9rqAN8Zl7qJF0O/9ycMtjU67HN9/Q==}
    engines: {node: '>=12'}
    cpu: [arm]
    os: [linux]
    requiresBuild: true
    dev: true
    optional: true

  /@esbuild/linux-ia32@0.19.11:
    resolution: {integrity: sha512-caHy++CsD8Bgq2V5CodbJjFPEiDPq8JJmBdeyZ8GWVQMjRD0sU548nNdwPNvKjVpamYYVL40AORekgfIubwHoA==}
    engines: {node: '>=12'}
    cpu: [ia32]
    os: [linux]
    requiresBuild: true
    dev: true
    optional: true

  /@esbuild/linux-loong64@0.19.11:
    resolution: {integrity: sha512-ppZSSLVpPrwHccvC6nQVZaSHlFsvCQyjnvirnVjbKSHuE5N24Yl8F3UwYUUR1UEPaFObGD2tSvVKbvR+uT1Nrg==}
    engines: {node: '>=12'}
    cpu: [loong64]
    os: [linux]
    requiresBuild: true
    dev: true
    optional: true

  /@esbuild/linux-mips64el@0.19.11:
    resolution: {integrity: sha512-B5x9j0OgjG+v1dF2DkH34lr+7Gmv0kzX6/V0afF41FkPMMqaQ77pH7CrhWeR22aEeHKaeZVtZ6yFwlxOKPVFyg==}
    engines: {node: '>=12'}
    cpu: [mips64el]
    os: [linux]
    requiresBuild: true
    dev: true
    optional: true

  /@esbuild/linux-ppc64@0.19.11:
    resolution: {integrity: sha512-MHrZYLeCG8vXblMetWyttkdVRjQlQUb/oMgBNurVEnhj4YWOr4G5lmBfZjHYQHHN0g6yDmCAQRR8MUHldvvRDA==}
    engines: {node: '>=12'}
    cpu: [ppc64]
    os: [linux]
    requiresBuild: true
    dev: true
    optional: true

  /@esbuild/linux-riscv64@0.19.11:
    resolution: {integrity: sha512-f3DY++t94uVg141dozDu4CCUkYW+09rWtaWfnb3bqe4w5NqmZd6nPVBm+qbz7WaHZCoqXqHz5p6CM6qv3qnSSQ==}
    engines: {node: '>=12'}
    cpu: [riscv64]
    os: [linux]
    requiresBuild: true
    dev: true
    optional: true

  /@esbuild/linux-s390x@0.19.11:
    resolution: {integrity: sha512-A5xdUoyWJHMMlcSMcPGVLzYzpcY8QP1RtYzX5/bS4dvjBGVxdhuiYyFwp7z74ocV7WDc0n1harxmpq2ePOjI0Q==}
    engines: {node: '>=12'}
    cpu: [s390x]
    os: [linux]
    requiresBuild: true
    dev: true
    optional: true

  /@esbuild/linux-x64@0.19.11:
    resolution: {integrity: sha512-grbyMlVCvJSfxFQUndw5mCtWs5LO1gUlwP4CDi4iJBbVpZcqLVT29FxgGuBJGSzyOxotFG4LoO5X+M1350zmPA==}
    engines: {node: '>=12'}
    cpu: [x64]
    os: [linux]
    requiresBuild: true
    dev: true
    optional: true

  /@esbuild/netbsd-x64@0.19.11:
    resolution: {integrity: sha512-13jvrQZJc3P230OhU8xgwUnDeuC/9egsjTkXN49b3GcS5BKvJqZn86aGM8W9pd14Kd+u7HuFBMVtrNGhh6fHEQ==}
    engines: {node: '>=12'}
    cpu: [x64]
    os: [netbsd]
    requiresBuild: true
    dev: true
    optional: true

  /@esbuild/openbsd-x64@0.19.11:
    resolution: {integrity: sha512-ysyOGZuTp6SNKPE11INDUeFVVQFrhcNDVUgSQVDzqsqX38DjhPEPATpid04LCoUr2WXhQTEZ8ct/EgJCUDpyNw==}
    engines: {node: '>=12'}
    cpu: [x64]
    os: [openbsd]
    requiresBuild: true
    dev: true
    optional: true

  /@esbuild/sunos-x64@0.19.11:
    resolution: {integrity: sha512-Hf+Sad9nVwvtxy4DXCZQqLpgmRTQqyFyhT3bZ4F2XlJCjxGmRFF0Shwn9rzhOYRB61w9VMXUkxlBy56dk9JJiQ==}
    engines: {node: '>=12'}
    cpu: [x64]
    os: [sunos]
    requiresBuild: true
    dev: true
    optional: true

  /@esbuild/win32-arm64@0.19.11:
    resolution: {integrity: sha512-0P58Sbi0LctOMOQbpEOvOL44Ne0sqbS0XWHMvvrg6NE5jQ1xguCSSw9jQeUk2lfrXYsKDdOe6K+oZiwKPilYPQ==}
    engines: {node: '>=12'}
    cpu: [arm64]
    os: [win32]
    requiresBuild: true
    dev: true
    optional: true

  /@esbuild/win32-ia32@0.19.11:
    resolution: {integrity: sha512-6YOrWS+sDJDmshdBIQU+Uoyh7pQKrdykdefC1avn76ss5c+RN6gut3LZA4E2cH5xUEp5/cA0+YxRaVtRAb0xBg==}
    engines: {node: '>=12'}
    cpu: [ia32]
    os: [win32]
    requiresBuild: true
    dev: true
    optional: true

  /@esbuild/win32-x64@0.19.11:
    resolution: {integrity: sha512-vfkhltrjCAb603XaFhqhAF4LGDi2M4OrCRrFusyQ+iTLQ/o60QQXxc9cZC/FFpihBI9N1Grn6SMKVJ4KP7Fuiw==}
    engines: {node: '>=12'}
    cpu: [x64]
    os: [win32]
    requiresBuild: true
    dev: true
    optional: true

  /@jridgewell/sourcemap-codec@1.4.15:
    resolution: {integrity: sha512-eF2rxCRulEKXHTRiDrDy6erMYWqNw4LPdQ8UQA4huuxaQsVeRPFl2oM8oDGxMFhJUWZf9McpLtJasDDZb/Bpeg==}
    dev: true

  /@nodelib/fs.scandir@2.1.5:
    resolution: {integrity: sha512-vq24Bq3ym5HEQm2NKCr3yXDwjc7vTsEThRDnkp2DK9p1uqLR+DHurm/NOTo0KG7HYHU7eppKZj3MyqYuMBf62g==}
    engines: {node: '>= 8'}
    dependencies:
      '@nodelib/fs.stat': 2.0.5
      run-parallel: 1.2.0
    dev: true

  /@nodelib/fs.stat@2.0.5:
    resolution: {integrity: sha512-RkhPPp2zrqDAQA/2jNhnztcPAlv64XdhIp7a7454A5ovI7Bukxgt7MX7udwAu3zg1DcpPU0rz3VV1SeaqvY4+A==}
    engines: {node: '>= 8'}
    dev: true

  /@nodelib/fs.walk@1.2.8:
    resolution: {integrity: sha512-oGB+UxlgWcgQkgwo8GcEGwemoTFt3FIO9ababBmaGwXIoBKZ+GTy0pP185beGg7Llih/NSHSV2XAs1lnznocSg==}
    engines: {node: '>= 8'}
    dependencies:
      '@nodelib/fs.scandir': 2.1.5
      fastq: 1.16.0
    dev: true

  /@rollup/rollup-android-arm-eabi@4.9.5:
    resolution: {integrity: sha512-idWaG8xeSRCfRq9KpRysDHJ/rEHBEXcHuJ82XY0yYFIWnLMjZv9vF/7DOq8djQ2n3Lk6+3qfSH8AqlmHlmi1MA==}
    cpu: [arm]
    os: [android]
    requiresBuild: true
    dev: true
    optional: true

  /@rollup/rollup-android-arm64@4.9.5:
    resolution: {integrity: sha512-f14d7uhAMtsCGjAYwZGv6TwuS3IFaM4ZnGMUn3aCBgkcHAYErhV1Ad97WzBvS2o0aaDv4mVz+syiN0ElMyfBPg==}
    cpu: [arm64]
    os: [android]
    requiresBuild: true
    dev: true
    optional: true

  /@rollup/rollup-darwin-arm64@4.9.5:
    resolution: {integrity: sha512-ndoXeLx455FffL68OIUrVr89Xu1WLzAG4n65R8roDlCoYiQcGGg6MALvs2Ap9zs7AHg8mpHtMpwC8jBBjZrT/w==}
    cpu: [arm64]
    os: [darwin]
    requiresBuild: true
    dev: true
    optional: true

  /@rollup/rollup-darwin-x64@4.9.5:
    resolution: {integrity: sha512-UmElV1OY2m/1KEEqTlIjieKfVwRg0Zwg4PLgNf0s3glAHXBN99KLpw5A5lrSYCa1Kp63czTpVll2MAqbZYIHoA==}
    cpu: [x64]
    os: [darwin]
    requiresBuild: true
    dev: true
    optional: true

  /@rollup/rollup-linux-arm-gnueabihf@4.9.5:
    resolution: {integrity: sha512-Q0LcU61v92tQB6ae+udZvOyZ0wfpGojtAKrrpAaIqmJ7+psq4cMIhT/9lfV6UQIpeItnq/2QDROhNLo00lOD1g==}
    cpu: [arm]
    os: [linux]
    requiresBuild: true
    dev: true
    optional: true

  /@rollup/rollup-linux-arm64-gnu@4.9.5:
    resolution: {integrity: sha512-dkRscpM+RrR2Ee3eOQmRWFjmV/payHEOrjyq1VZegRUa5OrZJ2MAxBNs05bZuY0YCtpqETDy1Ix4i/hRqX98cA==}
    cpu: [arm64]
    os: [linux]
    requiresBuild: true
    dev: true
    optional: true

  /@rollup/rollup-linux-arm64-musl@4.9.5:
    resolution: {integrity: sha512-QaKFVOzzST2xzY4MAmiDmURagWLFh+zZtttuEnuNn19AiZ0T3fhPyjPPGwLNdiDT82ZE91hnfJsUiDwF9DClIQ==}
    cpu: [arm64]
    os: [linux]
    requiresBuild: true
    dev: true
    optional: true

  /@rollup/rollup-linux-riscv64-gnu@4.9.5:
    resolution: {integrity: sha512-HeGqmRJuyVg6/X6MpE2ur7GbymBPS8Np0S/vQFHDmocfORT+Zt76qu+69NUoxXzGqVP1pzaY6QIi0FJWLC3OPA==}
    cpu: [riscv64]
    os: [linux]
    requiresBuild: true
    dev: true
    optional: true

  /@rollup/rollup-linux-x64-gnu@4.9.5:
    resolution: {integrity: sha512-Dq1bqBdLaZ1Gb/l2e5/+o3B18+8TI9ANlA1SkejZqDgdU/jK/ThYaMPMJpVMMXy2uRHvGKbkz9vheVGdq3cJfA==}
    cpu: [x64]
    os: [linux]
    requiresBuild: true
    dev: true
    optional: true

  /@rollup/rollup-linux-x64-musl@4.9.5:
    resolution: {integrity: sha512-ezyFUOwldYpj7AbkwyW9AJ203peub81CaAIVvckdkyH8EvhEIoKzaMFJj0G4qYJ5sw3BpqhFrsCc30t54HV8vg==}
    cpu: [x64]
    os: [linux]
    requiresBuild: true
    dev: true
    optional: true

  /@rollup/rollup-win32-arm64-msvc@4.9.5:
    resolution: {integrity: sha512-aHSsMnUw+0UETB0Hlv7B/ZHOGY5bQdwMKJSzGfDfvyhnpmVxLMGnQPGNE9wgqkLUs3+gbG1Qx02S2LLfJ5GaRQ==}
    cpu: [arm64]
    os: [win32]
    requiresBuild: true
    dev: true
    optional: true

  /@rollup/rollup-win32-ia32-msvc@4.9.5:
    resolution: {integrity: sha512-AiqiLkb9KSf7Lj/o1U3SEP9Zn+5NuVKgFdRIZkvd4N0+bYrTOovVd0+LmYCPQGbocT4kvFyK+LXCDiXPBF3fyA==}
    cpu: [ia32]
    os: [win32]
    requiresBuild: true
    dev: true
    optional: true

  /@rollup/rollup-win32-x64-msvc@4.9.5:
    resolution: {integrity: sha512-1q+mykKE3Vot1kaFJIDoUFv5TuW+QQVaf2FmTT9krg86pQrGStOSJJ0Zil7CFagyxDuouTepzt5Y5TVzyajOdQ==}
    cpu: [x64]
    os: [win32]
    requiresBuild: true
    dev: true
    optional: true

  /@types/estree@1.0.5:
    resolution: {integrity: sha512-/kYRxGDLWzHOB7q+wtSUQlFrtcdUccpfy+X+9iMBpHK8QLLhx2wIPYuS5DYtR9Wa/YlZAbIovy7qVdB1Aq6Lyw==}
    dev: true

  /@types/linkify-it@3.0.5:
    resolution: {integrity: sha512-yg6E+u0/+Zjva+buc3EIb+29XEg4wltq7cSmd4Uc2EE/1nUVmxyzpX6gUXD0V8jIrG0r7YeOGVIbYRkxeooCtw==}
    dev: true

  /@types/markdown-it@13.0.7:
    resolution: {integrity: sha512-U/CBi2YUUcTHBt5tjO2r5QV/x0Po6nsYwQU4Y04fBS6vfoImaiZ6f8bi3CjTCxBPQSO1LMyUqkByzi8AidyxfA==}
    dependencies:
      '@types/linkify-it': 3.0.5
      '@types/mdurl': 1.0.5
    dev: true

  /@types/mdurl@1.0.5:
    resolution: {integrity: sha512-6L6VymKTzYSrEf4Nev4Xa1LCHKrlTlYCBMTlQKFuddo1CvQcE52I0mwfOJayueUC7MJuXOeHTcIU683lzd0cUA==}
    dev: true

  /@types/node@20.11.2:
    resolution: {integrity: sha512-cZShBaVa+UO1LjWWBPmWRR4+/eY/JR/UIEcDlVsw3okjWEu+rB7/mH6X3B/L+qJVHDLjk9QW/y2upp9wp1yDXA==}
    dependencies:
      undici-types: 5.26.5
    dev: true

  /@types/web-bluetooth@0.0.20:
    resolution: {integrity: sha512-g9gZnnXVq7gM7v3tJCWV/qw7w+KeOlSHAhgF9RytFyifW6AF61hdT2ucrYhPq9hLs5JIryeupHV3qGk95dH9ow==}
    dev: true

  /@vitejs/plugin-vue@5.0.3(vite@5.0.11)(vue@3.4.13):
    resolution: {integrity: sha512-b8S5dVS40rgHdDrw+DQi/xOM9ed+kSRZzfm1T74bMmBDCd8XO87NKlFYInzCtwvtWwXZvo1QxE2OSspTATWrbA==}
    engines: {node: ^18.0.0 || >=20.0.0}
    peerDependencies:
      vite: ^5.0.0
      vue: ^3.2.25
    dependencies:
      vite: 5.0.11(@types/node@20.11.2)(sass@1.69.7)
      vue: 3.4.13
    dev: true

  /@vue/compiler-core@3.4.13:
    resolution: {integrity: sha512-zGUdmB3j3Irn9z51GXLJ5s0EAHxmsm5/eXl0y6MBaajMeOAaiT4+zaDoxui4Ets98dwIRr8BBaqXXHtHSfm+KA==}
    dependencies:
      '@babel/parser': 7.23.6
      '@vue/shared': 3.4.13
      entities: 4.5.0
      estree-walker: 2.0.2
      source-map-js: 1.0.2
    dev: true

  /@vue/compiler-dom@3.4.13:
    resolution: {integrity: sha512-XSNbpr5Rs3kCfVAmBqMu/HDwOS+RL6y28ZZjDlnDUuf146pRWt2sQkwhsOYc9uu2lxjjJy2NcyOkK7MBLVEc7w==}
    dependencies:
      '@vue/compiler-core': 3.4.13
      '@vue/shared': 3.4.13
    dev: true

  /@vue/compiler-sfc@3.4.13:
    resolution: {integrity: sha512-SkpmQN8xIFBd5onT413DFSDdjxULJf6jmJg/t3w/DZ9I8ZzyNlLIBLO0qFLewVHyHCiAgpPZlWqSRZXYrawk3Q==}
    dependencies:
      '@babel/parser': 7.23.6
      '@vue/compiler-core': 3.4.13
      '@vue/compiler-dom': 3.4.13
      '@vue/compiler-ssr': 3.4.13
      '@vue/shared': 3.4.13
      estree-walker: 2.0.2
      magic-string: 0.30.5
      postcss: 8.4.33
      source-map-js: 1.0.2
    dev: true

  /@vue/compiler-ssr@3.4.13:
    resolution: {integrity: sha512-rwnw9SVBgD6eGKh8UucnwztieQo/R3RQrEGpE0b0cxb2xxvJeLs/fe7DoYlhEfaSyzM/qD5odkK87hl3G3oW+A==}
    dependencies:
      '@vue/compiler-dom': 3.4.13
      '@vue/shared': 3.4.13
    dev: true

  /@vue/devtools-api@6.5.1:
    resolution: {integrity: sha512-+KpckaAQyfbvshdDW5xQylLni1asvNSGme1JFs8I1+/H5pHEhqUKMEQD/qn3Nx5+/nycBq11qAEi8lk+LXI2dA==}
    dev: true

  /@vue/reactivity@3.4.13:
    resolution: {integrity: sha512-/ZdUOrGKkGVONzVJkfDqNcn2fLMvaa5VlYx2KwTbnRbX06YZ4GJE0PVTmWzIxtBYdpSTLLXgw3pDggO+96KXzg==}
    dependencies:
      '@vue/shared': 3.4.13
    dev: true

  /@vue/runtime-core@3.4.13:
    resolution: {integrity: sha512-Ov4d4At7z3goxqzSqQxdfVYEcN5HY4dM1uDYL6Hu/Es9Za9BEN602zyjWhhi2+BEki5F9NizRSvn02k/tqNWlg==}
    dependencies:
      '@vue/reactivity': 3.4.13
      '@vue/shared': 3.4.13
    dev: true

  /@vue/runtime-dom@3.4.13:
    resolution: {integrity: sha512-ynde9p16eEV3u1VCxUre2e0nKzD0l3NzH0r599+bXeLT1Yhac8Atcot3iL9XNqwolxYCI89KBII+2MSVzfrz6w==}
    dependencies:
      '@vue/runtime-core': 3.4.13
      '@vue/shared': 3.4.13
      csstype: 3.1.3
    dev: true

  /@vue/server-renderer@3.4.13(vue@3.4.13):
    resolution: {integrity: sha512-hkw+UQyDZZtSn1q30nObMfc8beVEQv2pG08nghigxGw+iOWodR+tWSuJak0mzWAHlP/xt/qLc//dG6igfgvGEA==}
    peerDependencies:
      vue: 3.4.13
    dependencies:
      '@vue/compiler-ssr': 3.4.13
      '@vue/shared': 3.4.13
      vue: 3.4.13
    dev: true

  /@vue/shared@3.4.13:
    resolution: {integrity: sha512-56crFKLPpzk85WXX1L1c0QzPOuoapWlPVys8eMG8kkRmqdMjWUqK8KpFdE2d7BQA4CEbXwyyHPq6MpFr8H9rcg==}
    dev: true

  /@vueuse/core@10.7.2(vue@3.4.13):
    resolution: {integrity: sha512-AOyAL2rK0By62Hm+iqQn6Rbu8bfmbgaIMXcE3TSr7BdQ42wnSFlwIdPjInO62onYsEMK/yDMU8C6oGfDAtZ2qQ==}
    dependencies:
      '@types/web-bluetooth': 0.0.20
      '@vueuse/metadata': 10.7.2
      '@vueuse/shared': 10.7.2(vue@3.4.13)
      vue-demi: 0.14.6(vue@3.4.13)
    transitivePeerDependencies:
      - '@vue/composition-api'
      - vue
    dev: true

  /@vueuse/integrations@10.7.2(focus-trap@7.5.4)(vue@3.4.13):
    resolution: {integrity: sha512-+u3RLPFedjASs5EKPc69Ge49WNgqeMfSxFn+qrQTzblPXZg6+EFzhjarS5edj2qAf6xQ93f95TUxRwKStXj/sQ==}
    peerDependencies:
      async-validator: '*'
      axios: '*'
      change-case: '*'
      drauu: '*'
      focus-trap: '*'
      fuse.js: '*'
      idb-keyval: '*'
      jwt-decode: '*'
      nprogress: '*'
      qrcode: '*'
      sortablejs: '*'
      universal-cookie: '*'
    peerDependenciesMeta:
      async-validator:
        optional: true
      axios:
        optional: true
      change-case:
        optional: true
      drauu:
        optional: true
      focus-trap:
        optional: true
      fuse.js:
        optional: true
      idb-keyval:
        optional: true
      jwt-decode:
        optional: true
      nprogress:
        optional: true
      qrcode:
        optional: true
      sortablejs:
        optional: true
      universal-cookie:
        optional: true
    dependencies:
      '@vueuse/core': 10.7.2(vue@3.4.13)
      '@vueuse/shared': 10.7.2(vue@3.4.13)
      focus-trap: 7.5.4
      vue-demi: 0.14.6(vue@3.4.13)
    transitivePeerDependencies:
      - '@vue/composition-api'
      - vue
    dev: true

  /@vueuse/metadata@10.7.2:
    resolution: {integrity: sha512-kCWPb4J2KGrwLtn1eJwaJD742u1k5h6v/St5wFe8Quih90+k2a0JP8BS4Zp34XUuJqS2AxFYMb1wjUL8HfhWsQ==}
    dev: true

  /@vueuse/shared@10.7.2(vue@3.4.13):
    resolution: {integrity: sha512-qFbXoxS44pi2FkgFjPvF4h7c9oMDutpyBdcJdMYIMg9XyXli2meFMuaKn+UMgsClo//Th6+beeCgqweT/79BVA==}
    dependencies:
      vue-demi: 0.14.6(vue@3.4.13)
    transitivePeerDependencies:
      - '@vue/composition-api'
      - vue
    dev: true

  /algoliasearch@4.22.1:
    resolution: {integrity: sha512-jwydKFQJKIx9kIZ8Jm44SdpigFwRGPESaxZBaHSV0XWN2yBJAOT4mT7ppvlrpA4UGzz92pqFnVKr/kaZXrcreg==}
    dependencies:
      '@algolia/cache-browser-local-storage': 4.22.1
      '@algolia/cache-common': 4.22.1
      '@algolia/cache-in-memory': 4.22.1
      '@algolia/client-account': 4.22.1
      '@algolia/client-analytics': 4.22.1
      '@algolia/client-common': 4.22.1
      '@algolia/client-personalization': 4.22.1
      '@algolia/client-search': 4.22.1
      '@algolia/logger-common': 4.22.1
      '@algolia/logger-console': 4.22.1
      '@algolia/requester-browser-xhr': 4.22.1
      '@algolia/requester-common': 4.22.1
      '@algolia/requester-node-http': 4.22.1
      '@algolia/transporter': 4.22.1
    dev: true

  /anymatch@3.1.3:
    resolution: {integrity: sha512-KMReFUr0B4t+D+OBkjR3KYqvocp2XaSzO55UcB6mgQMd3KbcE+mWTyvVV7D/zsdEbNnV6acZUutkiHQXvTr1Rw==}
    engines: {node: '>= 8'}
    dependencies:
      normalize-path: 3.0.0
      picomatch: 2.3.1
    dev: true

  /binary-extensions@2.2.0:
    resolution: {integrity: sha512-jDctJ/IVQbZoJykoeHbhXpOlNBqGNcwXJKJog42E5HDPUwQTSdjCHdihjj0DlnheQ7blbT6dHOafNAiS8ooQKA==}
    engines: {node: '>=8'}
    dev: true

  /braces@3.0.2:
    resolution: {integrity: sha512-b8um+L1RzM3WDSzvhm6gIz1yfTbBt6YTlcEKAvsmqCZZFw46z626lVj9j1yEPW33H5H+lBQpZMP1k8l+78Ha0A==}
    engines: {node: '>=8'}
    dependencies:
      fill-range: 7.0.1
    dev: true

  /chokidar@3.5.3:
    resolution: {integrity: sha512-Dr3sfKRP6oTcjf2JmUmFJfeVMvXBdegxB0iVQ5eb2V10uFJUCAS8OByZdVAyVb8xXNz3GjjTgj9kLWsZTqE6kw==}
    engines: {node: '>= 8.10.0'}
    dependencies:
      anymatch: 3.1.3
      braces: 3.0.2
      glob-parent: 5.1.2
      is-binary-path: 2.1.0
      is-glob: 4.0.3
      normalize-path: 3.0.0
      readdirp: 3.6.0
    optionalDependencies:
      fsevents: 2.3.3
    dev: true

  /csstype@3.1.3:
    resolution: {integrity: sha512-M1uQkMl8rQK/szD0LNhtqxIPLpimGm8sOBwU7lLnCpSbTyY3yeU1Vc7l4KT5zT4s/yOxHH5O7tIuuLOCnLADRw==}
    dev: true

  /entities@4.5.0:
    resolution: {integrity: sha512-V0hjH4dGPh9Ao5p0MoRY6BVqtwCjhz6vI5LT8AJ55H+4g9/4vbHx1I54fS0XuclLhDHArPQCiMjDxjaL8fPxhw==}
    engines: {node: '>=0.12'}
    dev: true

  /esbuild@0.19.11:
    resolution: {integrity: sha512-HJ96Hev2hX/6i5cDVwcqiJBBtuo9+FeIJOtZ9W1kA5M6AMJRHUZlpYZ1/SbEwtO0ioNAW8rUooVpC/WehY2SfA==}
    engines: {node: '>=12'}
    hasBin: true
    requiresBuild: true
    optionalDependencies:
      '@esbuild/aix-ppc64': 0.19.11
      '@esbuild/android-arm': 0.19.11
      '@esbuild/android-arm64': 0.19.11
      '@esbuild/android-x64': 0.19.11
      '@esbuild/darwin-arm64': 0.19.11
      '@esbuild/darwin-x64': 0.19.11
      '@esbuild/freebsd-arm64': 0.19.11
      '@esbuild/freebsd-x64': 0.19.11
      '@esbuild/linux-arm': 0.19.11
      '@esbuild/linux-arm64': 0.19.11
      '@esbuild/linux-ia32': 0.19.11
      '@esbuild/linux-loong64': 0.19.11
      '@esbuild/linux-mips64el': 0.19.11
      '@esbuild/linux-ppc64': 0.19.11
      '@esbuild/linux-riscv64': 0.19.11
      '@esbuild/linux-s390x': 0.19.11
      '@esbuild/linux-x64': 0.19.11
      '@esbuild/netbsd-x64': 0.19.11
      '@esbuild/openbsd-x64': 0.19.11
      '@esbuild/sunos-x64': 0.19.11
      '@esbuild/win32-arm64': 0.19.11
      '@esbuild/win32-ia32': 0.19.11
      '@esbuild/win32-x64': 0.19.11
    dev: true

  /estree-walker@2.0.2:
    resolution: {integrity: sha512-Rfkk/Mp/DL7JVje3u18FxFujQlTNR2q6QfMSMB7AvCBx91NGj/ba3kCfza0f6dVDbw7YlRf/nDrn7pQrCCyQ/w==}
    dev: true

  /fast-glob@3.3.2:
    resolution: {integrity: sha512-oX2ruAFQwf/Orj8m737Y5adxDQO0LAB7/S5MnxCdTNDd4p6BsyIVsv9JQsATbTSq8KHRpLwIHbVlUNatxd+1Ow==}
    engines: {node: '>=8.6.0'}
    dependencies:
      '@nodelib/fs.stat': 2.0.5
      '@nodelib/fs.walk': 1.2.8
      glob-parent: 5.1.2
      merge2: 1.4.1
      micromatch: 4.0.5
    dev: true

  /fastq@1.16.0:
    resolution: {integrity: sha512-ifCoaXsDrsdkWTtiNJX5uzHDsrck5TzfKKDcuFFTIrrc/BS076qgEIfoIy1VeZqViznfKiysPYTh/QeHtnIsYA==}
    dependencies:
      reusify: 1.0.4
    dev: true

  /fill-range@7.0.1:
    resolution: {integrity: sha512-qOo9F+dMUmC2Lcb4BbVvnKJxTPjCm+RRpe4gDuGrzkL7mEVl/djYSu2OdQ2Pa302N4oqkSg9ir6jaLWJ2USVpQ==}
    engines: {node: '>=8'}
    dependencies:
      to-regex-range: 5.0.1
    dev: true

  /focus-trap@7.5.4:
    resolution: {integrity: sha512-N7kHdlgsO/v+iD/dMoJKtsSqs5Dz/dXZVebRgJw23LDk+jMi/974zyiOYDziY2JPp8xivq9BmUGwIJMiuSBi7w==}
    dependencies:
      tabbable: 6.2.0
    dev: true

  /fsevents@2.3.3:
    resolution: {integrity: sha512-5xoDfX+fL7faATnagmWPpbFtwh/R77WmMMqqHGS65C3vvB0YHrgF+B1YmZ3441tMj5n63k0212XNoJwzlhffQw==}
    engines: {node: ^8.16.0 || ^10.6.0 || >=11.0.0}
    os: [darwin]
    requiresBuild: true
    dev: true
    optional: true

  /glob-parent@5.1.2:
    resolution: {integrity: sha512-AOIgSQCepiJYwP3ARnGx+5VnTu2HBYdzbGP45eLw1vr3zB3vZLeyed1sC9hnbcOc9/SrMyM5RPQrkGz4aS9Zow==}
    engines: {node: '>= 6'}
    dependencies:
      is-glob: 4.0.3
    dev: true

  /immutable@4.3.4:
    resolution: {integrity: sha512-fsXeu4J4i6WNWSikpI88v/PcVflZz+6kMhUfIwc5SY+poQRPnaf5V7qds6SUyUN3cVxEzuCab7QIoLOQ+DQ1wA==}
    dev: true

  /is-binary-path@2.1.0:
    resolution: {integrity: sha512-ZMERYes6pDydyuGidse7OsHxtbI7WVeUEozgR/g7rd0xUimYNlvZRE/K2MgZTjWy725IfelLeVcEM97mmtRGXw==}
    engines: {node: '>=8'}
    dependencies:
      binary-extensions: 2.2.0
    dev: true

  /is-extglob@2.1.1:
    resolution: {integrity: sha512-SbKbANkN603Vi4jEZv49LeVJMn4yGwsbzZworEoyEiutsN3nJYdbO36zfhGJ6QEDpOZIFkDtnq5JRxmvl3jsoQ==}
    engines: {node: '>=0.10.0'}
    dev: true

  /is-glob@4.0.3:
    resolution: {integrity: sha512-xelSayHH36ZgE7ZWhli7pW34hNbNl8Ojv5KVmkJD4hBdD3th8Tfk9vYasLM+mXWOZhFkgZfxhLSnrwRr4elSSg==}
    engines: {node: '>=0.10.0'}
    dependencies:
      is-extglob: 2.1.1
    dev: true

  /is-number@7.0.0:
    resolution: {integrity: sha512-41Cifkg6e8TylSpdtTpeLVMqvSBEVzTttHvERD741+pnZ8ANv0004MRL43QKPDlK9cGvNp6NZWZUBlbGXYxxng==}
    engines: {node: '>=0.12.0'}
    dev: true

  /magic-string@0.30.5:
    resolution: {integrity: sha512-7xlpfBaQaP/T6Vh8MO/EqXSW5En6INHEvEXQiuff7Gku0PWjU3uf6w/j9o7O+SpB5fOAkrI5HeoNgwjEO0pFsA==}
    engines: {node: '>=12'}
    dependencies:
      '@jridgewell/sourcemap-codec': 1.4.15
    dev: true

  /mark.js@8.11.1:
    resolution: {integrity: sha512-1I+1qpDt4idfgLQG+BNWmrqku+7/2bi5nLf4YwF8y8zXvmfiTBY3PV3ZibfrjBueCByROpuBjLLFCajqkgYoLQ==}
    dev: true

  /merge2@1.4.1:
    resolution: {integrity: sha512-8q7VEgMJW4J8tcfVPy8g09NcQwZdbwFEqhe/WZkoIzjn/3TGDwtOCYtXGxA3O8tPzpczCCDgv+P2P5y00ZJOOg==}
    engines: {node: '>= 8'}
    dev: true

  /micromatch@4.0.5:
    resolution: {integrity: sha512-DMy+ERcEW2q8Z2Po+WNXuw3c5YaUSFjAO5GsJqfEl7UjvtIuFKO6ZrKvcItdy98dwFI2N1tg3zNIdKaQT+aNdA==}
    engines: {node: '>=8.6'}
    dependencies:
      braces: 3.0.2
      picomatch: 2.3.1
    dev: true

  /minisearch@6.3.0:
    resolution: {integrity: sha512-ihFnidEeU8iXzcVHy74dhkxh/dn8Dc08ERl0xwoMMGqp4+LvRSCgicb+zGqWthVokQKvCSxITlh3P08OzdTYCQ==}
    dev: true

  /nanoid@3.3.7:
    resolution: {integrity: sha512-eSRppjcPIatRIMC1U6UngP8XFcz8MQWGQdt1MTBQ7NaAmvXDfvNxbvWV3x2y6CdEUciCSsDHDQZbhYaB8QEo2g==}
    engines: {node: ^10 || ^12 || ^13.7 || ^14 || >=15.0.1}
    hasBin: true
    dev: true

  /normalize-path@3.0.0:
    resolution: {integrity: sha512-6eZs5Ls3WtCisHWp9S2GUy8dqkpGi4BVSz3GaqiE6ezub0512ESztXUwUB6C6IKbQkY2Pnb/mD4WYojCRwcwLA==}
    engines: {node: '>=0.10.0'}
    dev: true

  /picocolors@1.0.0:
    resolution: {integrity: sha512-1fygroTLlHu66zi26VoTDv8yRgm0Fccecssto+MhsZ0D/DGW2sm8E8AjW7NU5VVTRt5GxbeZ5qBuJr+HyLYkjQ==}
    dev: true

  /picomatch@2.3.1:
    resolution: {integrity: sha512-JU3teHTNjmE2VCGFzuY8EXzCDVwEqB2a8fsIvwaStHhAWJEeVd1o1QD80CU6+ZdEXXSLbSsuLwJjkCBWqRQUVA==}
    engines: {node: '>=8.6'}
    dev: true

  /postcss@8.4.33:
    resolution: {integrity: sha512-Kkpbhhdjw2qQs2O2DGX+8m5OVqEcbB9HRBvuYM9pgrjEFUg30A9LmXNlTAUj4S9kgtGyrMbTzVjH7E+s5Re2yg==}
    engines: {node: ^10 || ^12 || >=14}
    dependencies:
      nanoid: 3.3.7
      picocolors: 1.0.0
      source-map-js: 1.0.2
    dev: true

  /preact@10.19.3:
    resolution: {integrity: sha512-nHHTeFVBTHRGxJXKkKu5hT8C/YWBkPso4/Gad6xuj5dbptt9iF9NZr9pHbPhBrnT2klheu7mHTxTZ/LjwJiEiQ==}
    dev: true

  /queue-microtask@1.2.3:
    resolution: {integrity: sha512-NuaNSa6flKT5JaSYQzJok04JzTL1CA6aGhv5rfLW3PgqA+M2ChpZQnAC8h8i4ZFkBS8X5RqkDBHA7r4hej3K9A==}
    dev: true

  /readdirp@3.6.0:
    resolution: {integrity: sha512-hOS089on8RduqdbhvQ5Z37A0ESjsqz6qnRcffsMU3495FuTdqSm+7bhJ29JvIOsBDEEnan5DPu9t3To9VRlMzA==}
    engines: {node: '>=8.10.0'}
    dependencies:
      picomatch: 2.3.1
    dev: true

  /reusify@1.0.4:
    resolution: {integrity: sha512-U9nH88a3fc/ekCF1l0/UP1IosiuIjyTh7hBvXVMHYgVcfGvt897Xguj2UOLDeI5BG2m7/uwyaLVT6fbtCwTyzw==}
    engines: {iojs: '>=1.0.0', node: '>=0.10.0'}
    dev: true

  /rollup@4.9.5:
    resolution: {integrity: sha512-E4vQW0H/mbNMw2yLSqJyjtkHY9dslf/p0zuT1xehNRqUTBOFMqEjguDvqhXr7N7r/4ttb2jr4T41d3dncmIgbQ==}
    engines: {node: '>=18.0.0', npm: '>=8.0.0'}
    hasBin: true
    dependencies:
      '@types/estree': 1.0.5
    optionalDependencies:
      '@rollup/rollup-android-arm-eabi': 4.9.5
      '@rollup/rollup-android-arm64': 4.9.5
      '@rollup/rollup-darwin-arm64': 4.9.5
      '@rollup/rollup-darwin-x64': 4.9.5
      '@rollup/rollup-linux-arm-gnueabihf': 4.9.5
      '@rollup/rollup-linux-arm64-gnu': 4.9.5
      '@rollup/rollup-linux-arm64-musl': 4.9.5
      '@rollup/rollup-linux-riscv64-gnu': 4.9.5
      '@rollup/rollup-linux-x64-gnu': 4.9.5
      '@rollup/rollup-linux-x64-musl': 4.9.5
      '@rollup/rollup-win32-arm64-msvc': 4.9.5
      '@rollup/rollup-win32-ia32-msvc': 4.9.5
      '@rollup/rollup-win32-x64-msvc': 4.9.5
      fsevents: 2.3.3
    dev: true

  /run-parallel@1.2.0:
    resolution: {integrity: sha512-5l4VyZR86LZ/lDxZTR6jqL8AFE2S0IFLMP26AbjsLVADxHdhB/c0GUsH+y39UfCi3dzz8OlQuPmnaJOMoDHQBA==}
    dependencies:
      queue-microtask: 1.2.3
    dev: true

  /sass@1.69.7:
    resolution: {integrity: sha512-rzj2soDeZ8wtE2egyLXgOOHQvaC2iosZrkF6v3EUG+tBwEvhqUCzm0VP3k9gHF9LXbSrRhT5SksoI56Iw8NPnQ==}
    engines: {node: '>=14.0.0'}
    hasBin: true
    dependencies:
      chokidar: 3.5.3
      immutable: 4.3.4
      source-map-js: 1.0.2
    dev: true

  /shikiji-core@0.9.19:
    resolution: {integrity: sha512-AFJu/vcNT21t0e6YrfadZ+9q86gvPum6iywRyt1OtIPjPFe25RQnYJyxHQPMLKCCWA992TPxmEmbNcOZCAJclw==}
    dev: true

  /shikiji-transformers@0.9.19:
    resolution: {integrity: sha512-lGLI7Z8frQrIBbhZ74/eiJtxMoCQRbpaHEB+gcfvdIy+ZFaAtXncJGnc52932/UET+Y4GyKtwwC/vjWUCp+c/Q==}
    dependencies:
      shikiji: 0.9.19
    dev: true

  /shikiji@0.9.19:
    resolution: {integrity: sha512-Kw2NHWktdcdypCj1GkKpXH4o6Vxz8B8TykPlPuLHOGSV8VkhoCLcFOH4k19K4LXAQYRQmxg+0X/eM+m2sLhAkg==}
    dependencies:
      shikiji-core: 0.9.19
    dev: true

  /source-map-js@1.0.2:
    resolution: {integrity: sha512-R0XvVJ9WusLiqTCEiGCmICCMplcCkIwwR11mOSD9CR5u+IXYdiseeEuXCVAjS54zqwkLcPNnmU4OeJ6tUrWhDw==}
    engines: {node: '>=0.10.0'}
    dev: true

  /tabbable@6.2.0:
    resolution: {integrity: sha512-Cat63mxsVJlzYvN51JmVXIgNoUokrIaT2zLclCXjRd8boZ0004U4KCs/sToJ75C6sdlByWxpYnb5Boif1VSFew==}
    dev: true

  /to-fast-properties@2.0.0:
    resolution: {integrity: sha512-/OaKK0xYrs3DmxRYqL/yDc+FxFUVYhDlXMhRmv3z915w2HF1tnN1omB354j8VUGO/hbRzyD6Y3sA7v7GS/ceog==}
    engines: {node: '>=4'}
    dev: true

  /to-regex-range@5.0.1:
    resolution: {integrity: sha512-65P7iz6X5yEr1cwcgvQxbbIw7Uk3gOy5dIdtZ4rDveLqhrdJP+Li/Hx6tyK0NEb+2GCyneCMJiGqrADCSNk8sQ==}
    engines: {node: '>=8.0'}
    dependencies:
      is-number: 7.0.0
    dev: true

  /undici-types@5.26.5:
    resolution: {integrity: sha512-JlCMO+ehdEIKqlFxk6IfVoAUVmgz7cU7zD/h9XZ0qzeosSHmUJVOzSQvvYSYWXkFXC+IfLKSIffhv0sVZup6pA==}
    dev: true

  /vite@5.0.11(@types/node@20.11.2)(sass@1.69.7):
    resolution: {integrity: sha512-XBMnDjZcNAw/G1gEiskiM1v6yzM4GE5aMGvhWTlHAYYhxb7S3/V1s3m2LDHa8Vh6yIWYYB0iJwsEaS523c4oYA==}
    engines: {node: ^18.0.0 || >=20.0.0}
    hasBin: true
    peerDependencies:
      '@types/node': ^18.0.0 || >=20.0.0
      less: '*'
      lightningcss: ^1.21.0
      sass: '*'
      stylus: '*'
      sugarss: '*'
      terser: ^5.4.0
    peerDependenciesMeta:
      '@types/node':
        optional: true
      less:
        optional: true
      lightningcss:
        optional: true
      sass:
        optional: true
      stylus:
        optional: true
      sugarss:
        optional: true
      terser:
        optional: true
    dependencies:
      '@types/node': 20.11.2
      esbuild: 0.19.11
      postcss: 8.4.33
      rollup: 4.9.5
      sass: 1.69.7
    optionalDependencies:
      fsevents: 2.3.3
    dev: true

  /vitepress@1.0.0-rc.36(@types/node@20.11.2)(sass@1.69.7):
    resolution: {integrity: sha512-2z4dpM9PplN/yvTifhavOIAazlCR6OJ5PvLoRbc+7LdcFeIlCsuDGENLX4HjMW18jQZF5/j7++PNqdBfeazxUA==}
    hasBin: true
    peerDependencies:
      markdown-it-mathjax3: ^4.3.2
      postcss: ^8.4.33
    peerDependenciesMeta:
      markdown-it-mathjax3:
        optional: true
      postcss:
        optional: true
    dependencies:
      '@docsearch/css': 3.5.2
      '@docsearch/js': 3.5.2
      '@types/markdown-it': 13.0.7
      '@vitejs/plugin-vue': 5.0.3(vite@5.0.11)(vue@3.4.13)
      '@vue/devtools-api': 6.5.1
      '@vueuse/core': 10.7.2(vue@3.4.13)
      '@vueuse/integrations': 10.7.2(focus-trap@7.5.4)(vue@3.4.13)
      focus-trap: 7.5.4
      mark.js: 8.11.1
      minisearch: 6.3.0
      shikiji: 0.9.19
      shikiji-core: 0.9.19
      shikiji-transformers: 0.9.19
      vite: 5.0.11(@types/node@20.11.2)(sass@1.69.7)
      vue: 3.4.13
    transitivePeerDependencies:
      - '@algolia/client-search'
      - '@types/node'
      - '@types/react'
      - '@vue/composition-api'
      - async-validator
      - axios
      - change-case
      - drauu
      - fuse.js
      - idb-keyval
      - jwt-decode
      - less
      - lightningcss
      - nprogress
      - qrcode
      - react
      - react-dom
      - sass
      - search-insights
      - sortablejs
      - stylus
      - sugarss
      - terser
      - typescript
      - universal-cookie
    dev: true

  /vue-demi@0.14.6(vue@3.4.13):
    resolution: {integrity: sha512-8QA7wrYSHKaYgUxDA5ZC24w+eHm3sYCbp0EzcDwKqN3p6HqtTCGR/GVsPyZW92unff4UlcSh++lmqDWN3ZIq4w==}
    engines: {node: '>=12'}
    hasBin: true
    requiresBuild: true
    peerDependencies:
      '@vue/composition-api': ^1.0.0-rc.1
      vue: ^3.0.0-0 || ^2.6.0
    peerDependenciesMeta:
      '@vue/composition-api':
        optional: true
    dependencies:
      vue: 3.4.13
    dev: true

  /vue@3.4.13:
    resolution: {integrity: sha512-FE3UZ0p+oUZTwz+SzlH/hDFg+XsVRFvwmx0LXjdD1pRK/cO4fu5v6ltAZji4za4IBih3dV78elUK3di8v3pWIg==}
    peerDependencies:
      typescript: '*'
    peerDependenciesMeta:
      typescript:
        optional: true
    dependencies:
      '@vue/compiler-dom': 3.4.13
      '@vue/compiler-sfc': 3.4.13
      '@vue/runtime-dom': 3.4.13
      '@vue/server-renderer': 3.4.13(vue@3.4.13)
      '@vue/shared': 3.4.13
    dev: true
