# THIS IS AN AUTOGENERATED FILE. DO NOT EDIT THIS FILE DIRECTLY.
# yarn lockfile v1


"@algolia/autocomplete-core@1.9.3":
  version "1.9.3"
  resolved "https://registry.npmmirror.com/@algolia/autocomplete-core/-/autocomplete-core-1.9.3.tgz#1d56482a768c33aae0868c8533049e02e8961be7"
  integrity sha512-009HdfugtGCdC4JdXUbVJClA0q0zh24yyePn+KUGk3rP7j8FEe/m5Yo/z65gn6nP/cM39PxpzqKrL7A6fP6PPw==
  dependencies:
    "@algolia/autocomplete-plugin-algolia-insights" "1.9.3"
    "@algolia/autocomplete-shared" "1.9.3"

"@algolia/autocomplete-plugin-algolia-insights@1.9.3":
  version "1.9.3"
  resolved "https://registry.npmmirror.com/@algolia/autocomplete-plugin-algolia-insights/-/autocomplete-plugin-algolia-insights-1.9.3.tgz#9b7f8641052c8ead6d66c1623d444cbe19dde587"
  integrity sha512-a/yTUkcO/Vyy+JffmAnTWbr4/90cLzw+CC3bRbhnULr/EM0fGNvM13oQQ14f2moLMcVDyAx/leczLlAOovhSZg==
  dependencies:
    "@algolia/autocomplete-shared" "1.9.3"

"@algolia/autocomplete-preset-algolia@1.9.3":
  version "1.9.3"
  resolved "https://registry.npmmirror.com/@algolia/autocomplete-preset-algolia/-/autocomplete-preset-algolia-1.9.3.tgz#64cca4a4304cfcad2cf730e83067e0c1b2f485da"
  integrity sha512-d4qlt6YmrLMYy95n5TB52wtNDr6EgAIPH81dvvvW8UmuWRgxEtY0NJiPwl/h95JtG2vmRM804M0DSwMCNZlzRA==
  dependencies:
    "@algolia/autocomplete-shared" "1.9.3"

"@algolia/autocomplete-shared@1.9.3":
  version "1.9.3"
  resolved "https://registry.npmmirror.com/@algolia/autocomplete-shared/-/autocomplete-shared-1.9.3.tgz#2e22e830d36f0a9cf2c0ccd3c7f6d59435b77dfa"
  integrity sha512-Wnm9E4Ye6Rl6sTTqjoymD+l8DjSTHsHboVRYrKgEt8Q7UHm9nYbqhN/i0fhUYA3OAEH7WA8x3jfpnmJm3rKvaQ==

"@algolia/cache-browser-local-storage@4.18.0":
  version "4.18.0"
  resolved "https://registry.npmmirror.com/@algolia/cache-browser-local-storage/-/cache-browser-local-storage-4.18.0.tgz#7bc0c9d8d346ed01384f4cf0dfaf6ba29ad5c20c"
  integrity sha512-rUAs49NLlO8LVLgGzM4cLkw8NJLKguQLgvFmBEe3DyzlinoqxzQMHfKZs6TSq4LZfw/z8qHvRo8NcTAAUJQLcw==
  dependencies:
    "@algolia/cache-common" "4.18.0"

"@algolia/cache-common@4.18.0":
  version "4.18.0"
  resolved "https://registry.npmmirror.com/@algolia/cache-common/-/cache-common-4.18.0.tgz#aac33afac53e191c595d14a4bb7e6d81aae4836f"
  integrity sha512-BmxsicMR4doGbeEXQu8yqiGmiyvpNvejYJtQ7rvzttEAMxOPoWEHrWyzBQw4x7LrBY9pMrgv4ZlUaF8PGzewHg==

"@algolia/cache-in-memory@4.18.0":
  version "4.18.0"
  resolved "https://registry.npmmirror.com/@algolia/cache-in-memory/-/cache-in-memory-4.18.0.tgz#9a40294c734819724a1b4e86afd5a7d4be9bcc2f"
  integrity sha512-evD4dA1nd5HbFdufBxLqlJoob7E2ozlqJZuV3YlirNx5Na4q1LckIuzjNYZs2ddLzuTc/Xd5O3Ibf7OwPskHxw==
  dependencies:
    "@algolia/cache-common" "4.18.0"

"@algolia/client-account@4.18.0":
  version "4.18.0"
  resolved "https://registry.npmmirror.com/@algolia/client-account/-/client-account-4.18.0.tgz#202d9e06b41e06e45cb919107bed0a65106883cc"
  integrity sha512-XsDnlROr3+Z1yjxBJjUMfMazi1V155kVdte6496atvBgOEtwCzTs3A+qdhfsAnGUvaYfBrBkL0ThnhMIBCGcew==
  dependencies:
    "@algolia/client-common" "4.18.0"
    "@algolia/client-search" "4.18.0"
    "@algolia/transporter" "4.18.0"

"@algolia/client-analytics@4.18.0":
  version "4.18.0"
  resolved "https://registry.npmmirror.com/@algolia/client-analytics/-/client-analytics-4.18.0.tgz#030b026bd9c13cb15437e35e4456bde25b0f1298"
  integrity sha512-chEUSN4ReqU7uRQ1C8kDm0EiPE+eJeAXiWcBwLhEynfNuTfawN9P93rSZktj7gmExz0C8XmkbBU19IQ05wCNrQ==
  dependencies:
    "@algolia/client-common" "4.18.0"
    "@algolia/client-search" "4.18.0"
    "@algolia/requester-common" "4.18.0"
    "@algolia/transporter" "4.18.0"

"@algolia/client-common@4.18.0":
  version "4.18.0"
  resolved "https://registry.npmmirror.com/@algolia/client-common/-/client-common-4.18.0.tgz#e080c393e1becdd5f5f008815c57d3248d3a8483"
  integrity sha512-7N+soJFP4wn8tjTr3MSUT/U+4xVXbz4jmeRfWfVAzdAbxLAQbHa0o/POSdTvQ8/02DjCLelloZ1bb4ZFVKg7Wg==
  dependencies:
    "@algolia/requester-common" "4.18.0"
    "@algolia/transporter" "4.18.0"

"@algolia/client-personalization@4.18.0":
  version "4.18.0"
  resolved "https://registry.npmmirror.com/@algolia/client-personalization/-/client-personalization-4.18.0.tgz#9042ce2773120158ad25e1dfb28d706cebb48dc2"
  integrity sha512-+PeCjODbxtamHcPl+couXMeHEefpUpr7IHftj4Y4Nia1hj8gGq4VlIcqhToAw8YjLeCTfOR7r7xtj3pJcYdP8A==
  dependencies:
    "@algolia/client-common" "4.18.0"
    "@algolia/requester-common" "4.18.0"
    "@algolia/transporter" "4.18.0"

"@algolia/client-search@4.18.0":
  version "4.18.0"
  resolved "https://registry.npmmirror.com/@algolia/client-search/-/client-search-4.18.0.tgz#83b37aacbe254fd7892154fe7a8f0395bd01c682"
  integrity sha512-F9xzQXTjm6UuZtnsLIew6KSraXQ0AzS/Ee+OD+mQbtcA/K1sg89tqb8TkwjtiYZ0oij13u3EapB3gPZwm+1Y6g==
  dependencies:
    "@algolia/client-common" "4.18.0"
    "@algolia/requester-common" "4.18.0"
    "@algolia/transporter" "4.18.0"

"@algolia/logger-common@4.18.0":
  version "4.18.0"
  resolved "https://registry.npmmirror.com/@algolia/logger-common/-/logger-common-4.18.0.tgz#0e6a14e8b91fcb7861595169e1ca57cf219f8255"
  integrity sha512-46etYgSlkoKepkMSyaoriSn2JDgcrpc/nkOgou/lm0y17GuMl9oYZxwKKTSviLKI5Irk9nSKGwnBTQYwXOYdRg==

"@algolia/logger-console@4.18.0":
  version "4.18.0"
  resolved "https://registry.npmmirror.com/@algolia/logger-console/-/logger-console-4.18.0.tgz#3636e4b3e2154ee2ee2db2e5be2857203c9f7047"
  integrity sha512-3P3VUYMl9CyJbi/UU1uUNlf6Z8N2ltW3Oqhq/nR7vH0CjWv32YROq3iGWGxB2xt3aXobdUPXs6P0tHSKRmNA6g==
  dependencies:
    "@algolia/logger-common" "4.18.0"

"@algolia/requester-browser-xhr@4.18.0":
  version "4.18.0"
  resolved "https://registry.npmmirror.com/@algolia/requester-browser-xhr/-/requester-browser-xhr-4.18.0.tgz#90ac575946e0ab196cdd87593b3fed563a32a9af"
  integrity sha512-/AcWHOBub2U4TE/bPi4Gz1XfuLK6/7dj4HJG+Z2SfQoS1RjNLshZclU3OoKIkFp8D2NC7+BNsPvr9cPLyW8nyQ==
  dependencies:
    "@algolia/requester-common" "4.18.0"

"@algolia/requester-common@4.18.0":
  version "4.18.0"
  resolved "https://registry.npmmirror.com/@algolia/requester-common/-/requester-common-4.18.0.tgz#12984aa4b10679ffa863536ceeae33cdd0ee4d42"
  integrity sha512-xlT8R1qYNRBCi1IYLsx7uhftzdfsLPDGudeQs+xvYB4sQ3ya7+ppolB/8m/a4F2gCkEO6oxpp5AGemM7kD27jA==

"@algolia/requester-node-http@4.18.0":
  version "4.18.0"
  resolved "https://registry.npmmirror.com/@algolia/requester-node-http/-/requester-node-http-4.18.0.tgz#8046b141c784cc7778bcf51e8a7888cce463754b"
  integrity sha512-TGfwj9aeTVgOUhn5XrqBhwUhUUDnGIKlI0kCBMdR58XfXcfdwomka+CPIgThRbfYw04oQr31A6/95ZH2QVJ9UQ==
  dependencies:
    "@algolia/requester-common" "4.18.0"

"@algolia/transporter@4.18.0":
  version "4.18.0"
  resolved "https://registry.npmmirror.com/@algolia/transporter/-/transporter-4.18.0.tgz#18de645c20fc5703196b2ad4fec55e98c315a1d8"
  integrity sha512-xbw3YRUGtXQNG1geYFEDDuFLZt4Z8YNKbamHPkzr3rWc6qp4/BqEeXcI2u/P/oMq2yxtXgMxrCxOPA8lyIe5jw==
  dependencies:
    "@algolia/cache-common" "4.18.0"
    "@algolia/logger-common" "4.18.0"
    "@algolia/requester-common" "4.18.0"

"@babel/parser@^7.20.15", "@babel/parser@^7.21.3":
  version "7.22.5"
  resolved "https://registry.npmmirror.com/@babel/parser/-/parser-7.22.5.tgz#721fd042f3ce1896238cf1b341c77eb7dee7dbea"
  integrity sha512-DFZMC9LJUG9PLOclRC32G63UXwzqS2koQC8dkx+PLdmt1xSePYpbT/NbsrJy8Q/muXz7o/h/d4A7Fuyixm559Q==

"@docsearch/css@3.5.1", "@docsearch/css@^3.5.1":
  version "3.5.1"
  resolved "https://registry.npmmirror.com/@docsearch/css/-/css-3.5.1.tgz#4adf9884735bbfea621c3716e80ea97baa419b73"
  integrity sha512-2Pu9HDg/uP/IT10rbQ+4OrTQuxIWdKVUEdcw9/w7kZJv9NeHS6skJx1xuRiFyoGKwAzcHXnLp7csE99sj+O1YA==

"@docsearch/js@^3.5.1":
  version "3.5.1"
  resolved "https://registry.npmmirror.com/@docsearch/js/-/js-3.5.1.tgz#6d8de3b4fcf7de94462c0e592e333efa9ebbbabd"
  integrity sha512-EXi8de5njxgP6TV3N9ytnGRLG9zmBNTEZjR4VzwPcpPLbZxxTLG2gaFyJyKiFVQxHW/DPlMrDJA3qoRRGEkgZw==
  dependencies:
    "@docsearch/react" "3.5.1"
    preact "^10.0.0"

"@docsearch/react@3.5.1":
  version "3.5.1"
  resolved "https://registry.npmmirror.com/@docsearch/react/-/react-3.5.1.tgz#35f4a75f948211d8bb6830d2147c575f96a85274"
  integrity sha512-t5mEODdLzZq4PTFAm/dvqcvZFdPDMdfPE5rJS5SC8OUq9mPzxEy6b+9THIqNM9P0ocCb4UC5jqBrxKclnuIbzQ==
  dependencies:
    "@algolia/autocomplete-core" "1.9.3"
    "@algolia/autocomplete-preset-algolia" "1.9.3"
    "@docsearch/css" "3.5.1"
    algoliasearch "^4.0.0"

"@esbuild/android-arm64@0.18.11":
  version "0.18.11"
  resolved "https://registry.npmmirror.com/@esbuild/android-arm64/-/android-arm64-0.18.11.tgz#fa6f0cc7105367cb79cc0a8bf32bf50cb1673e45"
  integrity sha512-snieiq75Z1z5LJX9cduSAjUr7vEI1OdlzFPMw0HH5YI7qQHDd3qs+WZoMrWYDsfRJSq36lIA6mfZBkvL46KoIw==

"@esbuild/android-arm@0.18.11":
  version "0.18.11"
  resolved "https://registry.npmmirror.com/@esbuild/android-arm/-/android-arm-0.18.11.tgz#ae84a410696c9f549a15be94eaececb860bacacb"
  integrity sha512-q4qlUf5ucwbUJZXF5tEQ8LF7y0Nk4P58hOsGk3ucY0oCwgQqAnqXVbUuahCddVHfrxmpyewRpiTHwVHIETYu7Q==

"@esbuild/android-x64@0.18.11":
  version "0.18.11"
  resolved "https://registry.npmmirror.com/@esbuild/android-x64/-/android-x64-0.18.11.tgz#0e58360bbc789ad0d68174d32ba20e678c2a16b6"
  integrity sha512-iPuoxQEV34+hTF6FT7om+Qwziv1U519lEOvekXO9zaMMlT9+XneAhKL32DW3H7okrCOBQ44BMihE8dclbZtTuw==

"@esbuild/darwin-arm64@0.18.11":
  version "0.18.11"
  resolved "https://registry.npmmirror.com/@esbuild/darwin-arm64/-/darwin-arm64-0.18.11.tgz#fcdcd2ef76ca656540208afdd84f284072f0d1f9"
  integrity sha512-Gm0QkI3k402OpfMKyQEEMG0RuW2LQsSmI6OeO4El2ojJMoF5NLYb3qMIjvbG/lbMeLOGiW6ooU8xqc+S0fgz2w==

"@esbuild/darwin-x64@0.18.11":
  version "0.18.11"
  resolved "https://registry.npmmirror.com/@esbuild/darwin-x64/-/darwin-x64-0.18.11.tgz#c5ac602ec0504a8ff81e876bc8a9811e94d69d37"
  integrity sha512-N15Vzy0YNHu6cfyDOjiyfJlRJCB/ngKOAvoBf1qybG3eOq0SL2Lutzz9N7DYUbb7Q23XtHPn6lMDF6uWbGv9Fw==

"@esbuild/freebsd-arm64@0.18.11":
  version "0.18.11"
  resolved "https://registry.npmmirror.com/@esbuild/freebsd-arm64/-/freebsd-arm64-0.18.11.tgz#7012fb06ee3e6e0d5560664a65f3fefbcc46db2e"
  integrity sha512-atEyuq6a3omEY5qAh5jIORWk8MzFnCpSTUruBgeyN9jZq1K/QI9uke0ATi3MHu4L8c59CnIi4+1jDKMuqmR71A==

"@esbuild/freebsd-x64@0.18.11":
  version "0.18.11"
  resolved "https://registry.npmmirror.com/@esbuild/freebsd-x64/-/freebsd-x64-0.18.11.tgz#c5de1199f70e1f97d5c8fca51afa9bf9a2af5969"
  integrity sha512-XtuPrEfBj/YYYnAAB7KcorzzpGTvOr/dTtXPGesRfmflqhA4LMF0Gh/n5+a9JBzPuJ+CGk17CA++Hmr1F/gI0Q==

"@esbuild/linux-arm64@0.18.11":
  version "0.18.11"
  resolved "https://registry.npmmirror.com/@esbuild/linux-arm64/-/linux-arm64-0.18.11.tgz#2a6d3a74e0b8b5f294e22b4515b29f76ebd42660"
  integrity sha512-c6Vh2WS9VFKxKZ2TvJdA7gdy0n6eSy+yunBvv4aqNCEhSWVor1TU43wNRp2YLO9Vng2G+W94aRz+ILDSwAiYog==

"@esbuild/linux-arm@0.18.11":
  version "0.18.11"
  resolved "https://registry.npmmirror.com/@esbuild/linux-arm/-/linux-arm-0.18.11.tgz#5175bd61b793b436e4aece6328aa0d9be07751e1"
  integrity sha512-Idipz+Taso/toi2ETugShXjQ3S59b6m62KmLHkJlSq/cBejixmIydqrtM2XTvNCywFl3VC7SreSf6NV0i6sRyg==

"@esbuild/linux-ia32@0.18.11":
  version "0.18.11"
  resolved "https://registry.npmmirror.com/@esbuild/linux-ia32/-/linux-ia32-0.18.11.tgz#20ee6cfd65a398875f321a485e7b2278e5f6f67b"
  integrity sha512-S3hkIF6KUqRh9n1Q0dSyYcWmcVa9Cg+mSoZEfFuzoYXXsk6196qndrM+ZiHNwpZKi3XOXpShZZ+9dfN5ykqjjw==

"@esbuild/linux-loong64@0.18.11":
  version "0.18.11"
  resolved "https://registry.npmmirror.com/@esbuild/linux-loong64/-/linux-loong64-0.18.11.tgz#8e7b251dede75083bf44508dab5edce3f49d052b"
  integrity sha512-MRESANOoObQINBA+RMZW+Z0TJWpibtE7cPFnahzyQHDCA9X9LOmGh68MVimZlM9J8n5Ia8lU773te6O3ILW8kw==

"@esbuild/linux-mips64el@0.18.11":
  version "0.18.11"
  resolved "https://registry.npmmirror.com/@esbuild/linux-mips64el/-/linux-mips64el-0.18.11.tgz#a3125eb48538ac4932a9d05089b157f94e443165"
  integrity sha512-qVyPIZrXNMOLYegtD1u8EBccCrBVshxMrn5MkuFc3mEVsw7CCQHaqZ4jm9hbn4gWY95XFnb7i4SsT3eflxZsUg==

"@esbuild/linux-ppc64@0.18.11":
  version "0.18.11"
  resolved "https://registry.npmmirror.com/@esbuild/linux-ppc64/-/linux-ppc64-0.18.11.tgz#842abadb7a0995bd539adee2be4d681b68279499"
  integrity sha512-T3yd8vJXfPirZaUOoA9D2ZjxZX4Gr3QuC3GztBJA6PklLotc/7sXTOuuRkhE9W/5JvJP/K9b99ayPNAD+R+4qQ==

"@esbuild/linux-riscv64@0.18.11":
  version "0.18.11"
  resolved "https://registry.npmmirror.com/@esbuild/linux-riscv64/-/linux-riscv64-0.18.11.tgz#7ce6e6cee1c72d5b4d2f4f8b6fcccf4a9bea0e28"
  integrity sha512-evUoRPWiwuFk++snjH9e2cAjF5VVSTj+Dnf+rkO/Q20tRqv+644279TZlPK8nUGunjPAtQRCj1jQkDAvL6rm2w==

"@esbuild/linux-s390x@0.18.11":
  version "0.18.11"
  resolved "https://registry.npmmirror.com/@esbuild/linux-s390x/-/linux-s390x-0.18.11.tgz#98fbc794363d02ded07d300df2e535650b297b96"
  integrity sha512-/SlRJ15XR6i93gRWquRxYCfhTeC5PdqEapKoLbX63PLCmAkXZHY2uQm2l9bN0oPHBsOw2IswRZctMYS0MijFcg==

"@esbuild/linux-x64@0.18.11":
  version "0.18.11"
  resolved "https://registry.npmmirror.com/@esbuild/linux-x64/-/linux-x64-0.18.11.tgz#f8458ec8cf74c8274e4cacd00744d8446cac52eb"
  integrity sha512-xcncej+wF16WEmIwPtCHi0qmx1FweBqgsRtEL1mSHLFR6/mb3GEZfLQnx+pUDfRDEM4DQF8dpXIW7eDOZl1IbA==

"@esbuild/netbsd-x64@0.18.11":
  version "0.18.11"
  resolved "https://registry.npmmirror.com/@esbuild/netbsd-x64/-/netbsd-x64-0.18.11.tgz#a7b2f991b8293748a7be42eac1c4325faf0c7cca"
  integrity sha512-aSjMHj/F7BuS1CptSXNg6S3M4F3bLp5wfFPIJM+Km2NfIVfFKhdmfHF9frhiCLIGVzDziggqWll0B+9AUbud/Q==

"@esbuild/openbsd-x64@0.18.11":
  version "0.18.11"
  resolved "https://registry.npmmirror.com/@esbuild/openbsd-x64/-/openbsd-x64-0.18.11.tgz#3e50923de84c54008f834221130fd23646072b2f"
  integrity sha512-tNBq+6XIBZtht0xJGv7IBB5XaSyvYPCm1PxJ33zLQONdZoLVM0bgGqUrXnJyiEguD9LU4AHiu+GCXy/Hm9LsdQ==

"@esbuild/sunos-x64@0.18.11":
  version "0.18.11"
  resolved "https://registry.npmmirror.com/@esbuild/sunos-x64/-/sunos-x64-0.18.11.tgz#ae47a550b0cd395de03606ecfba03cc96c7c19e2"
  integrity sha512-kxfbDOrH4dHuAAOhr7D7EqaYf+W45LsAOOhAet99EyuxxQmjbk8M9N4ezHcEiCYPaiW8Dj3K26Z2V17Gt6p3ng==

"@esbuild/win32-arm64@0.18.11":
  version "0.18.11"
  resolved "https://registry.npmmirror.com/@esbuild/win32-arm64/-/win32-arm64-0.18.11.tgz#05d364582b7862d7fbf4698ef43644f7346dcfcc"
  integrity sha512-Sh0dDRyk1Xi348idbal7lZyfSkjhJsdFeuC13zqdipsvMetlGiFQNdO+Yfp6f6B4FbyQm7qsk16yaZk25LChzg==

"@esbuild/win32-ia32@0.18.11":
  version "0.18.11"
  resolved "https://registry.npmmirror.com/@esbuild/win32-ia32/-/win32-ia32-0.18.11.tgz#a3372095a4a1939da672156a3c104f8ce85ee616"
  integrity sha512-o9JUIKF1j0rqJTFbIoF4bXj6rvrTZYOrfRcGyL0Vm5uJ/j5CkBD/51tpdxe9lXEDouhRgdr/BYzUrDOvrWwJpg==

"@esbuild/win32-x64@0.18.11":
  version "0.18.11"
  resolved "https://registry.npmmirror.com/@esbuild/win32-x64/-/win32-x64-0.18.11.tgz#6526c7e1b40d5b9f0a222c6b767c22f6fb97aa57"
  integrity sha512-rQI4cjLHd2hGsM1LqgDI7oOCYbQ6IBOVsX9ejuRMSze0GqXUG2ekwiKkiBU1pRGSeCqFFHxTrcEydB2Hyoz9CA==

"@jridgewell/sourcemap-codec@^1.4.13":
  version "1.4.15"
  resolved "https://registry.npmmirror.com/@jridgewell/sourcemap-codec/-/sourcemap-codec-1.4.15.tgz#d7c6e6755c78567a951e04ab52ef0fd26de59f32"
  integrity sha512-eF2rxCRulEKXHTRiDrDy6erMYWqNw4LPdQ8UQA4huuxaQsVeRPFl2oM8oDGxMFhJUWZf9McpLtJasDDZb/Bpeg==

"@types/node@^20.4.1":
  version "20.4.1"
  resolved "https://registry.npmmirror.com/@types/node/-/node-20.4.1.tgz#a6033a8718653c50ac4962977e14d0f984d9527d"
  integrity sha512-JIzsAvJeA/5iY6Y/OxZbv1lUcc8dNSE77lb2gnBH+/PJ3lFR1Ccvgwl5JWnHAkNHcRsT0TbpVOsiMKZ1F/yyJg==

"@types/web-bluetooth@^0.0.17":
  version "0.0.17"
  resolved "https://registry.npmmirror.com/@types/web-bluetooth/-/web-bluetooth-0.0.17.tgz#5c9f3c617f64a9735d7b72a7cc671e166d900c40"
  integrity sha512-4p9vcSmxAayx72yn70joFoL44c9MO/0+iVEBIQXe3v2h2SiAsEIo/G5v6ObFWvNKRFjbrVadNf9LqEEZeQPzdA==

"@vitejs/plugin-vue@^4.2.3":
  version "4.2.3"
  resolved "https://registry.npmmirror.com/@vitejs/plugin-vue/-/plugin-vue-4.2.3.tgz#ee0b6dfcc62fe65364e6395bf38fa2ba10bb44b6"
  integrity sha512-R6JDUfiZbJA9cMiguQ7jxALsgiprjBeHL5ikpXfJCH62pPHtI+JdJ5xWj6Ev73yXSlYl86+blXn1kZHQ7uElxw==

"@vue/compiler-core@3.3.4":
  version "3.3.4"
  resolved "https://registry.npmmirror.com/@vue/compiler-core/-/compiler-core-3.3.4.tgz#7fbf591c1c19e1acd28ffd284526e98b4f581128"
  integrity sha512-cquyDNvZ6jTbf/+x+AgM2Arrp6G4Dzbb0R64jiG804HRMfRiFXWI6kqUVqZ6ZR0bQhIoQjB4+2bhNtVwndW15g==
  dependencies:
    "@babel/parser" "^7.21.3"
    "@vue/shared" "3.3.4"
    estree-walker "^2.0.2"
    source-map-js "^1.0.2"

"@vue/compiler-dom@3.3.4":
  version "3.3.4"
  resolved "https://registry.npmmirror.com/@vue/compiler-dom/-/compiler-dom-3.3.4.tgz#f56e09b5f4d7dc350f981784de9713d823341151"
  integrity sha512-wyM+OjOVpuUukIq6p5+nwHYtj9cFroz9cwkfmP9O1nzH68BenTTv0u7/ndggT8cIQlnBeOo6sUT/gvHcIkLA5w==
  dependencies:
    "@vue/compiler-core" "3.3.4"
    "@vue/shared" "3.3.4"

"@vue/compiler-sfc@3.3.4":
  version "3.3.4"
  resolved "https://registry.npmmirror.com/@vue/compiler-sfc/-/compiler-sfc-3.3.4.tgz#b19d942c71938893535b46226d602720593001df"
  integrity sha512-6y/d8uw+5TkCuzBkgLS0v3lSM3hJDntFEiUORM11pQ/hKvkhSKZrXW6i69UyXlJQisJxuUEJKAWEqWbWsLeNKQ==
  dependencies:
    "@babel/parser" "^7.20.15"
    "@vue/compiler-core" "3.3.4"
    "@vue/compiler-dom" "3.3.4"
    "@vue/compiler-ssr" "3.3.4"
    "@vue/reactivity-transform" "3.3.4"
    "@vue/shared" "3.3.4"
    estree-walker "^2.0.2"
    magic-string "^0.30.0"
    postcss "^8.1.10"
    source-map-js "^1.0.2"

"@vue/compiler-ssr@3.3.4":
  version "3.3.4"
  resolved "https://registry.npmmirror.com/@vue/compiler-ssr/-/compiler-ssr-3.3.4.tgz#9d1379abffa4f2b0cd844174ceec4a9721138777"
  integrity sha512-m0v6oKpup2nMSehwA6Uuu+j+wEwcy7QmwMkVNVfrV9P2qE5KshC6RwOCq8fjGS/Eak/uNb8AaWekfiXxbBB6gQ==
  dependencies:
    "@vue/compiler-dom" "3.3.4"
    "@vue/shared" "3.3.4"

"@vue/devtools-api@^6.5.0":
  version "6.5.0"
  resolved "https://registry.npmmirror.com/@vue/devtools-api/-/devtools-api-6.5.0.tgz#98b99425edee70b4c992692628fa1ea2c1e57d07"
  integrity sha512-o9KfBeaBmCKl10usN4crU53fYtC1r7jJwdGKjPT24t348rHxgfpZ0xL3Xm/gLUYnc0oTp8LAmrxOeLyu6tbk2Q==

"@vue/reactivity-transform@3.3.4":
  version "3.3.4"
  resolved "https://registry.npmmirror.com/@vue/reactivity-transform/-/reactivity-transform-3.3.4.tgz#52908476e34d6a65c6c21cd2722d41ed8ae51929"
  integrity sha512-MXgwjako4nu5WFLAjpBnCj/ieqcjE2aJBINUNQzkZQfzIZA4xn+0fV1tIYBJvvva3N3OvKGofRLvQIwEQPpaXw==
  dependencies:
    "@babel/parser" "^7.20.15"
    "@vue/compiler-core" "3.3.4"
    "@vue/shared" "3.3.4"
    estree-walker "^2.0.2"
    magic-string "^0.30.0"

"@vue/reactivity@3.3.4":
  version "3.3.4"
  resolved "https://registry.npmmirror.com/@vue/reactivity/-/reactivity-3.3.4.tgz#a27a29c6cd17faba5a0e99fbb86ee951653e2253"
  integrity sha512-kLTDLwd0B1jG08NBF3R5rqULtv/f8x3rOFByTDz4J53ttIQEDmALqKqXY0J+XQeN0aV2FBxY8nJDf88yvOPAqQ==
  dependencies:
    "@vue/shared" "3.3.4"

"@vue/runtime-core@3.3.4":
  version "3.3.4"
  resolved "https://registry.npmmirror.com/@vue/runtime-core/-/runtime-core-3.3.4.tgz#4bb33872bbb583721b340f3088888394195967d1"
  integrity sha512-R+bqxMN6pWO7zGI4OMlmvePOdP2c93GsHFM/siJI7O2nxFRzj55pLwkpCedEY+bTMgp5miZ8CxfIZo3S+gFqvA==
  dependencies:
    "@vue/reactivity" "3.3.4"
    "@vue/shared" "3.3.4"

"@vue/runtime-dom@3.3.4":
  version "3.3.4"
  resolved "https://registry.npmmirror.com/@vue/runtime-dom/-/runtime-dom-3.3.4.tgz#992f2579d0ed6ce961f47bbe9bfe4b6791251566"
  integrity sha512-Aj5bTJ3u5sFsUckRghsNjVTtxZQ1OyMWCr5dZRAPijF/0Vy4xEoRCwLyHXcj4D0UFbJ4lbx3gPTgg06K/GnPnQ==
  dependencies:
    "@vue/runtime-core" "3.3.4"
    "@vue/shared" "3.3.4"
    csstype "^3.1.1"

"@vue/server-renderer@3.3.4":
  version "3.3.4"
  resolved "https://registry.npmmirror.com/@vue/server-renderer/-/server-renderer-3.3.4.tgz#ea46594b795d1536f29bc592dd0f6655f7ea4c4c"
  integrity sha512-Q6jDDzR23ViIb67v+vM1Dqntu+HUexQcsWKhhQa4ARVzxOY2HbC7QRW/ggkDBd5BU+uM1sV6XOAP0b216o34JQ==
  dependencies:
    "@vue/compiler-ssr" "3.3.4"
    "@vue/shared" "3.3.4"

"@vue/shared@3.3.4":
  version "3.3.4"
  resolved "https://registry.npmmirror.com/@vue/shared/-/shared-3.3.4.tgz#06e83c5027f464eef861c329be81454bc8b70780"
  integrity sha512-7OjdcV8vQ74eiz1TZLzZP4JwqM5fA94K6yntPS5Z25r9HDuGNzaGdgvwKYq6S+MxwF0TFRwe50fIR/MYnakdkQ==

"@vueuse/core@10.2.1", "@vueuse/core@^10.2.1":
  version "10.2.1"
  resolved "https://registry.npmmirror.com/@vueuse/core/-/core-10.2.1.tgz#a62b54cdaf1496138a9f8a7df7f9d644892b421f"
  integrity sha512-c441bfMbkAwTNwVRHQ0zdYZNETK//P84rC01aP2Uy/aRFCiie9NE/k9KdIXbno0eDYP5NPUuWv0aA/I4Unr/7w==
  dependencies:
    "@types/web-bluetooth" "^0.0.17"
    "@vueuse/metadata" "10.2.1"
    "@vueuse/shared" "10.2.1"
    vue-demi ">=0.14.5"

"@vueuse/integrations@^10.2.1":
  version "10.2.1"
  resolved "https://registry.npmmirror.com/@vueuse/integrations/-/integrations-10.2.1.tgz#abc44b35f909f6b5e1a66a2d69a257bb4b087536"
  integrity sha512-FDP5lni+z9FjHE9H3xuvwSjoRV9U8jmDvJpmHPCBjUgPGYRynwb60eHWXCFJXLUtb4gSIHy0e+iaEbrKdalCkQ==
  dependencies:
    "@vueuse/core" "10.2.1"
    "@vueuse/shared" "10.2.1"
    vue-demi ">=0.14.5"

"@vueuse/metadata@10.2.1":
  version "10.2.1"
  resolved "https://registry.npmmirror.com/@vueuse/metadata/-/metadata-10.2.1.tgz#0865066def62ed97629c417ec79678d508d22934"
  integrity sha512-3Gt68mY/i6bQvFqx7cuGBzrCCQu17OBaGWS5JdwISpMsHnMKKjC2FeB5OAfMcCQ0oINfADP3i9A4PPRo0peHdQ==

"@vueuse/shared@10.2.1":
  version "10.2.1"
  resolved "https://registry.npmmirror.com/@vueuse/shared/-/shared-10.2.1.tgz#0fd0a5dd014b7713b7fe03347b30fad69bb15b30"
  integrity sha512-QWHq2bSuGptkcxx4f4M/fBYC3Y8d3M2UYyLsyzoPgEoVzJURQ0oJeWXu79OiLlBb8gTKkqe4mO85T/sf39mmiw==
  dependencies:
    vue-demi ">=0.14.5"

algoliasearch@^4.0.0:
  version "4.18.0"
  resolved "https://registry.npmmirror.com/algoliasearch/-/algoliasearch-4.18.0.tgz#1183ad0384a5b2c14f381c3a361da611acc8edb3"
  integrity sha512-pCuVxC1SVcpc08ENH32T4sLKSyzoU7TkRIDBMwSLfIiW+fq4znOmWDkAygHZ6pRcO9I1UJdqlfgnV7TRj+MXrA==
  dependencies:
    "@algolia/cache-browser-local-storage" "4.18.0"
    "@algolia/cache-common" "4.18.0"
    "@algolia/cache-in-memory" "4.18.0"
    "@algolia/client-account" "4.18.0"
    "@algolia/client-analytics" "4.18.0"
    "@algolia/client-common" "4.18.0"
    "@algolia/client-personalization" "4.18.0"
    "@algolia/client-search" "4.18.0"
    "@algolia/logger-common" "4.18.0"
    "@algolia/logger-console" "4.18.0"
    "@algolia/requester-browser-xhr" "4.18.0"
    "@algolia/requester-common" "4.18.0"
    "@algolia/requester-node-http" "4.18.0"
    "@algolia/transporter" "4.18.0"

ansi-sequence-parser@^1.1.0:
  version "1.1.0"
  resolved "https://registry.npmmirror.com/ansi-sequence-parser/-/ansi-sequence-parser-1.1.0.tgz#4d790f31236ac20366b23b3916b789e1bde39aed"
  integrity sha512-lEm8mt52to2fT8GhciPCGeCXACSz2UwIN4X2e2LJSnZ5uAbn2/dsYdOmUXq0AtWS5cpAupysIneExOgH0Vd2TQ==

anymatch@~3.1.2:
  version "3.1.3"
  resolved "https://registry.npmmirror.com/anymatch/-/anymatch-3.1.3.tgz#790c58b19ba1720a84205b57c618d5ad8524973e"
  integrity sha512-KMReFUr0B4t+D+OBkjR3KYqvocp2XaSzO55UcB6mgQMd3KbcE+mWTyvVV7D/zsdEbNnV6acZUutkiHQXvTr1Rw==
  dependencies:
    normalize-path "^3.0.0"
    picomatch "^2.0.4"

binary-extensions@^2.0.0:
  version "2.2.0"
  resolved "https://registry.npmmirror.com/binary-extensions/-/binary-extensions-2.2.0.tgz#75f502eeaf9ffde42fc98829645be4ea76bd9e2d"
  integrity sha512-jDctJ/IVQbZoJykoeHbhXpOlNBqGNcwXJKJog42E5HDPUwQTSdjCHdihjj0DlnheQ7blbT6dHOafNAiS8ooQKA==

body-scroll-lock@4.0.0-beta.0:
  version "4.0.0-beta.0"
  resolved "https://registry.npmmirror.com/body-scroll-lock/-/body-scroll-lock-4.0.0-beta.0.tgz#4f78789d10e6388115c0460cd6d7d4dd2bbc4f7e"
  integrity sha512-a7tP5+0Mw3YlUJcGAKUqIBkYYGlYxk2fnCasq/FUph1hadxlTRjF+gAcZksxANnaMnALjxEddmSi/H3OR8ugcQ==

braces@~3.0.2:
  version "3.0.2"
  resolved "https://registry.npmmirror.com/braces/-/braces-3.0.2.tgz#3454e1a462ee8d599e236df336cd9ea4f8afe107"
  integrity sha512-b8um+L1RzM3WDSzvhm6gIz1yfTbBt6YTlcEKAvsmqCZZFw46z626lVj9j1yEPW33H5H+lBQpZMP1k8l+78Ha0A==
  dependencies:
    fill-range "^7.0.1"

"chokidar@>=3.0.0 <4.0.0":
  version "3.5.3"
  resolved "https://registry.npmmirror.com/chokidar/-/chokidar-3.5.3.tgz#1cf37c8707b932bd1af1ae22c0432e2acd1903bd"
  integrity sha512-Dr3sfKRP6oTcjf2JmUmFJfeVMvXBdegxB0iVQ5eb2V10uFJUCAS8OByZdVAyVb8xXNz3GjjTgj9kLWsZTqE6kw==
  dependencies:
    anymatch "~3.1.2"
    braces "~3.0.2"
    glob-parent "~5.1.2"
    is-binary-path "~2.1.0"
    is-glob "~4.0.1"
    normalize-path "~3.0.0"
    readdirp "~3.6.0"
  optionalDependencies:
    fsevents "~2.3.2"

csstype@^3.1.1:
  version "3.1.2"
  resolved "https://registry.npmmirror.com/csstype/-/csstype-3.1.2.tgz#1d4bf9d572f11c14031f0436e1c10bc1f571f50b"
  integrity sha512-I7K1Uu0MBPzaFKg4nI5Q7Vs2t+3gWWW648spaF+Rg7pI9ds18Ugn+lvg4SHczUdKlHI5LWBXyqfS8+DufyBsgQ==

esbuild@^0.18.6:
  version "0.18.11"
  resolved "https://registry.npmmirror.com/esbuild/-/esbuild-0.18.11.tgz#cbf94dc3359d57f600a0dbf281df9b1d1b4a156e"
  integrity sha512-i8u6mQF0JKJUlGR3OdFLKldJQMMs8OqM9Cc3UCi9XXziJ9WERM5bfkHaEAy0YAvPRMgqSW55W7xYn84XtEFTtA==
  optionalDependencies:
    "@esbuild/android-arm" "0.18.11"
    "@esbuild/android-arm64" "0.18.11"
    "@esbuild/android-x64" "0.18.11"
    "@esbuild/darwin-arm64" "0.18.11"
    "@esbuild/darwin-x64" "0.18.11"
    "@esbuild/freebsd-arm64" "0.18.11"
    "@esbuild/freebsd-x64" "0.18.11"
    "@esbuild/linux-arm" "0.18.11"
    "@esbuild/linux-arm64" "0.18.11"
    "@esbuild/linux-ia32" "0.18.11"
    "@esbuild/linux-loong64" "0.18.11"
    "@esbuild/linux-mips64el" "0.18.11"
    "@esbuild/linux-ppc64" "0.18.11"
    "@esbuild/linux-riscv64" "0.18.11"
    "@esbuild/linux-s390x" "0.18.11"
    "@esbuild/linux-x64" "0.18.11"
    "@esbuild/netbsd-x64" "0.18.11"
    "@esbuild/openbsd-x64" "0.18.11"
    "@esbuild/sunos-x64" "0.18.11"
    "@esbuild/win32-arm64" "0.18.11"
    "@esbuild/win32-ia32" "0.18.11"
    "@esbuild/win32-x64" "0.18.11"

estree-walker@^2.0.2:
  version "2.0.2"
  resolved "https://registry.npmmirror.com/estree-walker/-/estree-walker-2.0.2.tgz#52f010178c2a4c117a7757cfe942adb7d2da4cac"
  integrity sha512-Rfkk/Mp/DL7JVje3u18FxFujQlTNR2q6QfMSMB7AvCBx91NGj/ba3kCfza0f6dVDbw7YlRf/nDrn7pQrCCyQ/w==

fill-range@^7.0.1:
  version "7.0.1"
  resolved "https://registry.npmmirror.com/fill-range/-/fill-range-7.0.1.tgz#1919a6a7c75fe38b2c7c77e5198535da9acdda40"
  integrity sha512-qOo9F+dMUmC2Lcb4BbVvnKJxTPjCm+RRpe4gDuGrzkL7mEVl/djYSu2OdQ2Pa302N4oqkSg9ir6jaLWJ2USVpQ==
  dependencies:
    to-regex-range "^5.0.1"

focus-trap@^7.4.3:
  version "7.4.3"
  resolved "https://registry.npmmirror.com/focus-trap/-/focus-trap-7.4.3.tgz#a3dae73d44df359eb92bbf37b18e173e813b16c5"
  integrity sha512-BgSSbK4GPnS2VbtZ50VtOv1Sti6DIkj3+LkVjiWMNjLeAp1SH1UlLx3ULu/DCu4vq5R4/uvTm+zrvsMsuYmGLg==
  dependencies:
    tabbable "^6.1.2"

fsevents@~2.3.2:
  version "2.3.2"
  resolved "https://registry.npmmirror.com/fsevents/-/fsevents-2.3.2.tgz#8a526f78b8fdf4623b709e0b975c52c24c02fd1a"
  integrity sha512-xiqMQR4xAeHTuB9uWm+fFRcIOgKBMiOBP+eXiyT7jsgVCq1bkVygt00oASowB7EdtpOHaaPgKt812P9ab+DDKA==

glob-parent@~5.1.2:
  version "5.1.2"
  resolved "https://registry.npmmirror.com/glob-parent/-/glob-parent-5.1.2.tgz#869832c58034fe68a4093c17dc15e8340d8401c4"
  integrity sha512-AOIgSQCepiJYwP3ARnGx+5VnTu2HBYdzbGP45eLw1vr3zB3vZLeyed1sC9hnbcOc9/SrMyM5RPQrkGz4aS9Zow==
  dependencies:
    is-glob "^4.0.1"

immutable@^4.0.0:
  version "4.3.0"
  resolved "https://registry.npmmirror.com/immutable/-/immutable-4.3.0.tgz#eb1738f14ffb39fd068b1dbe1296117484dd34be"
  integrity sha512-0AOCmOip+xgJwEVTQj1EfiDDOkPmuyllDuTuEX+DDXUgapLAsBIfkg3sxCYyCEA8mQqZrrxPUGjcOQ2JS3WLkg==

is-binary-path@~2.1.0:
  version "2.1.0"
  resolved "https://registry.npmmirror.com/is-binary-path/-/is-binary-path-2.1.0.tgz#ea1f7f3b80f064236e83470f86c09c254fb45b09"
  integrity sha512-ZMERYes6pDydyuGidse7OsHxtbI7WVeUEozgR/g7rd0xUimYNlvZRE/K2MgZTjWy725IfelLeVcEM97mmtRGXw==
  dependencies:
    binary-extensions "^2.0.0"

is-extglob@^2.1.1:
  version "2.1.1"
  resolved "https://registry.npmmirror.com/is-extglob/-/is-extglob-2.1.1.tgz#a88c02535791f02ed37c76a1b9ea9773c833f8c2"
  integrity sha512-SbKbANkN603Vi4jEZv49LeVJMn4yGwsbzZworEoyEiutsN3nJYdbO36zfhGJ6QEDpOZIFkDtnq5JRxmvl3jsoQ==

is-glob@^4.0.1, is-glob@~4.0.1:
  version "4.0.3"
  resolved "https://registry.npmmirror.com/is-glob/-/is-glob-4.0.3.tgz#64f61e42cbbb2eec2071a9dac0b28ba1e65d5084"
  integrity sha512-xelSayHH36ZgE7ZWhli7pW34hNbNl8Ojv5KVmkJD4hBdD3th8Tfk9vYasLM+mXWOZhFkgZfxhLSnrwRr4elSSg==
  dependencies:
    is-extglob "^2.1.1"

is-number@^7.0.0:
  version "7.0.0"
  resolved "https://registry.npmmirror.com/is-number/-/is-number-7.0.0.tgz#7535345b896734d5f80c4d06c50955527a14f12b"
  integrity sha512-41Cifkg6e8TylSpdtTpeLVMqvSBEVzTttHvERD741+pnZ8ANv0004MRL43QKPDlK9cGvNp6NZWZUBlbGXYxxng==

jsonc-parser@^3.2.0:
  version "3.2.0"
  resolved "https://registry.npmmirror.com/jsonc-parser/-/jsonc-parser-3.2.0.tgz#31ff3f4c2b9793f89c67212627c51c6394f88e76"
  integrity sha512-gfFQZrcTc8CnKXp6Y4/CBT3fTc0OVuDofpre4aEeEpSBPV5X5v4+Vmx+8snU7RLPrNHPKSgLxGo9YuQzz20o+w==

magic-string@^0.30.0:
  version "0.30.0"
  resolved "https://registry.npmmirror.com/magic-string/-/magic-string-0.30.0.tgz#fd58a4748c5c4547338a424e90fa5dd17f4de529"
  integrity sha512-LA+31JYDJLs82r2ScLrlz1GjSgu66ZV518eyWT+S8VhyQn/JL0u9MeBOvQMGYiPk1DBiSN9DDMOcXvigJZaViQ==
  dependencies:
    "@jridgewell/sourcemap-codec" "^1.4.13"

mark.js@8.11.1:
  version "8.11.1"
  resolved "https://registry.npmmirror.com/mark.js/-/mark.js-8.11.1.tgz#180f1f9ebef8b0e638e4166ad52db879beb2ffc5"
  integrity sha512-1I+1qpDt4idfgLQG+BNWmrqku+7/2bi5nLf4YwF8y8zXvmfiTBY3PV3ZibfrjBueCByROpuBjLLFCajqkgYoLQ==

minisearch@^6.1.0:
  version "6.1.0"
  resolved "https://registry.npmmirror.com/minisearch/-/minisearch-6.1.0.tgz#6e74e743dbd0e88fa5ca52fef2391e0aa7055252"
  integrity sha512-PNxA/X8pWk+TiqPbsoIYH0GQ5Di7m6326/lwU/S4mlo4wGQddIcf/V//1f9TB0V4j59b57b+HZxt8h3iMROGvg==

nanoid@^3.3.6:
  version "3.3.6"
  resolved "https://registry.npmmirror.com/nanoid/-/nanoid-3.3.6.tgz#443380c856d6e9f9824267d960b4236ad583ea4c"
  integrity sha512-BGcqMMJuToF7i1rt+2PWSNVnWIkGCU78jBG3RxO/bZlnZPK2Cmi2QaffxGO/2RvWi9sL+FAiRiXMgsyxQ1DIDA==

normalize-path@^3.0.0, normalize-path@~3.0.0:
  version "3.0.0"
  resolved "https://registry.npmmirror.com/normalize-path/-/normalize-path-3.0.0.tgz#0dcd69ff23a1c9b11fd0978316644a0388216a65"
  integrity sha512-6eZs5Ls3WtCisHWp9S2GUy8dqkpGi4BVSz3GaqiE6ezub0512ESztXUwUB6C6IKbQkY2Pnb/mD4WYojCRwcwLA==

picocolors@^1.0.0:
  version "1.0.0"
  resolved "https://registry.npmmirror.com/picocolors/-/picocolors-1.0.0.tgz#cb5bdc74ff3f51892236eaf79d68bc44564ab81c"
  integrity sha512-1fygroTLlHu66zi26VoTDv8yRgm0Fccecssto+MhsZ0D/DGW2sm8E8AjW7NU5VVTRt5GxbeZ5qBuJr+HyLYkjQ==

picomatch@^2.0.4, picomatch@^2.2.1:
  version "2.3.1"
  resolved "https://registry.npmmirror.com/picomatch/-/picomatch-2.3.1.tgz#3ba3833733646d9d3e4995946c1365a67fb07a42"
  integrity sha512-JU3teHTNjmE2VCGFzuY8EXzCDVwEqB2a8fsIvwaStHhAWJEeVd1o1QD80CU6+ZdEXXSLbSsuLwJjkCBWqRQUVA==

postcss@^8.1.10:
  version "8.4.24"
  resolved "https://registry.npmmirror.com/postcss/-/postcss-8.4.24.tgz#f714dba9b2284be3cc07dbd2fc57ee4dc972d2df"
  integrity sha512-M0RzbcI0sO/XJNucsGjvWU9ERWxb/ytp1w6dKtxTKgixdtQDq4rmx/g8W1hnaheq9jgwL/oyEdH5Bc4WwJKMqg==
  dependencies:
    nanoid "^3.3.6"
    picocolors "^1.0.0"
    source-map-js "^1.0.2"

postcss@^8.4.24:
  version "8.4.25"
  resolved "https://registry.npmmirror.com/postcss/-/postcss-8.4.25.tgz#4a133f5e379eda7f61e906c3b1aaa9b81292726f"
  integrity sha512-7taJ/8t2av0Z+sQEvNzCkpDynl0tX3uJMCODi6nT3PfASC7dYCWV9aQ+uiCf+KBD4SEFcu+GvJdGdwzQ6OSjCw==
  dependencies:
    nanoid "^3.3.6"
    picocolors "^1.0.0"
    source-map-js "^1.0.2"

preact@^10.0.0:
  version "10.15.1"
  resolved "https://registry.npmmirror.com/preact/-/preact-10.15.1.tgz#a1de60c9fc0c79a522d969c65dcaddc5d994eede"
  integrity sha512-qs2ansoQEwzNiV5eAcRT1p1EC/dmEzaATVDJNiB3g2sRDWdA7b7MurXdJjB2+/WQktGWZwxvDrnuRFbWuIr64g==

readdirp@~3.6.0:
  version "3.6.0"
  resolved "https://registry.npmmirror.com/readdirp/-/readdirp-3.6.0.tgz#74a370bd857116e245b29cc97340cd431a02a6c7"
  integrity sha512-hOS089on8RduqdbhvQ5Z37A0ESjsqz6qnRcffsMU3495FuTdqSm+7bhJ29JvIOsBDEEnan5DPu9t3To9VRlMzA==
  dependencies:
    picomatch "^2.2.1"

rollup@^3.25.2:
  version "3.26.2"
  resolved "https://registry.npmmirror.com/rollup/-/rollup-3.26.2.tgz#2e76a37606cb523fc9fef43e6f59c93f86d95e7c"
  integrity sha512-6umBIGVz93er97pMgQO08LuH3m6PUb3jlDUUGFsNJB6VgTCUaDFpupf5JfU30529m/UKOgmiX+uY6Sx8cOYpLA==
  optionalDependencies:
    fsevents "~2.3.2"

sass@^1.63.0:
  version "1.63.6"
  resolved "https://registry.npmmirror.com/sass/-/sass-1.63.6.tgz#481610e612902e0c31c46b46cf2dad66943283ea"
  integrity sha512-MJuxGMHzaOW7ipp+1KdELtqKbfAWbH7OLIdoSMnVe3EXPMTmxTmlaZDCTsgIpPCs3w99lLo9/zDKkOrJuT5byw==
  dependencies:
    chokidar ">=3.0.0 <4.0.0"
    immutable "^4.0.0"
    source-map-js ">=0.6.2 <2.0.0"

shiki@^0.14.3:
  version "0.14.3"
  resolved "https://registry.npmmirror.com/shiki/-/shiki-0.14.3.tgz#d1a93c463942bdafb9866d74d619a4347d0bbf64"
  integrity sha512-U3S/a+b0KS+UkTyMjoNojvTgrBHjgp7L6ovhFVZsXmBGnVdQ4K4U9oK0z63w538S91ATngv1vXigHCSWOwnr+g==
  dependencies:
    ansi-sequence-parser "^1.1.0"
    jsonc-parser "^3.2.0"
    vscode-oniguruma "^1.7.0"
    vscode-textmate "^8.0.0"

"source-map-js@>=0.6.2 <2.0.0", source-map-js@^1.0.2:
  version "1.0.2"
  resolved "https://registry.npmmirror.com/source-map-js/-/source-map-js-1.0.2.tgz#adbc361d9c62df380125e7f161f71c826f1e490c"
  integrity sha512-R0XvVJ9WusLiqTCEiGCmICCMplcCkIwwR11mOSD9CR5u+IXYdiseeEuXCVAjS54zqwkLcPNnmU4OeJ6tUrWhDw==

tabbable@^6.1.2:
  version "6.2.0"
  resolved "https://registry.npmmirror.com/tabbable/-/tabbable-6.2.0.tgz#732fb62bc0175cfcec257330be187dcfba1f3b97"
  integrity sha512-Cat63mxsVJlzYvN51JmVXIgNoUokrIaT2zLclCXjRd8boZ0004U4KCs/sToJ75C6sdlByWxpYnb5Boif1VSFew==

to-regex-range@^5.0.1:
  version "5.0.1"
  resolved "https://registry.npmmirror.com/to-regex-range/-/to-regex-range-5.0.1.tgz#1648c44aae7c8d988a326018ed72f5b4dd0392e4"
  integrity sha512-65P7iz6X5yEr1cwcgvQxbbIw7Uk3gOy5dIdtZ4rDveLqhrdJP+Li/Hx6tyK0NEb+2GCyneCMJiGqrADCSNk8sQ==
  dependencies:
    is-number "^7.0.0"

vite@4.4.0-beta.3:
  version "4.4.0-beta.3"
  resolved "https://registry.npmmirror.com/vite/-/vite-4.4.0-beta.3.tgz#143c2281f7028ef7addda7f453ea6166663acf6a"
  integrity sha512-IC/thYTvArOFRJ4qvvudnu4KKZOVc+gduS3I9OfC5SbP/Rf4kkP7z6Of2QpKeOSVqwIK24khW6VOUmVD/0yzSQ==
  dependencies:
    esbuild "^0.18.6"
    postcss "^8.4.24"
    rollup "^3.25.2"
  optionalDependencies:
    fsevents "~2.3.2"

vitepress@^1.0.0-beta.5:
  version "1.0.0-beta.5"
  resolved "https://registry.npmmirror.com/vitepress/-/vitepress-1.0.0-beta.5.tgz#8cccf89df6a7c8b446d6b17008ce65d94ace2280"
  integrity sha512-/RjqqRsSEKkzF6HhK5e5Ij+bZ7ETb9jNCRRgIMm10gJ+ZLC3D1OqkE465lEqCeJUgt2HZ6jmWjDqIBfrJSpv7w==
  dependencies:
    "@docsearch/css" "^3.5.1"
    "@docsearch/js" "^3.5.1"
    "@vitejs/plugin-vue" "^4.2.3"
    "@vue/devtools-api" "^6.5.0"
    "@vueuse/core" "^10.2.1"
    "@vueuse/integrations" "^10.2.1"
    body-scroll-lock "4.0.0-beta.0"
    focus-trap "^7.4.3"
    mark.js "8.11.1"
    minisearch "^6.1.0"
    shiki "^0.14.3"
    vite "4.4.0-beta.3"
    vue "^3.3.4"

vscode-oniguruma@^1.7.0:
  version "1.7.0"
  resolved "https://registry.npmmirror.com/vscode-oniguruma/-/vscode-oniguruma-1.7.0.tgz#439bfad8fe71abd7798338d1cd3dc53a8beea94b"
  integrity sha512-L9WMGRfrjOhgHSdOYgCt/yRMsXzLDJSL7BPrOZt73gU0iWO4mpqzqQzOz5srxqTvMBaR0XZTSrVWo4j55Rc6cA==

vscode-textmate@^8.0.0:
  version "8.0.0"
  resolved "https://registry.npmmirror.com/vscode-textmate/-/vscode-textmate-8.0.0.tgz#2c7a3b1163ef0441097e0b5d6389cd5504b59e5d"
  integrity sha512-AFbieoL7a5LMqcnOF04ji+rpXadgOXnZsxQr//r83kLPr7biP7am3g9zbaZIaBGwBRWeSvoMD4mgPdX3e4NWBg==

vue-demi@>=0.14.5:
  version "0.14.5"
  resolved "https://registry.npmmirror.com/vue-demi/-/vue-demi-0.14.5.tgz#676d0463d1a1266d5ab5cba932e043d8f5f2fbd9"
  integrity sha512-o9NUVpl/YlsGJ7t+xuqJKx8EBGf1quRhCiT6D/J0pfwmk9zUwYkC7yrF4SZCe6fETvSM3UNL2edcbYrSyc4QHA==

vue@^3.3.4:
  version "3.3.4"
  resolved "https://registry.npmmirror.com/vue/-/vue-3.3.4.tgz#8ed945d3873667df1d0fcf3b2463ada028f88bd6"
  integrity sha512-VTyEYn3yvIeY1Py0WaYGZsXnz3y5UnGi62GjVEqvEGPl6nxbOrCXbVOTQWBEJUqAyTUk2uJ5JLVnYJ6ZzGbrSw==
  dependencies:
    "@vue/compiler-dom" "3.3.4"
    "@vue/compiler-sfc" "3.3.4"
    "@vue/runtime-dom" "3.3.4"
    "@vue/server-renderer" "3.3.4"
    "@vue/shared" "3.3.4"
